{
  "version": 4,
  "terraform_version": "1.13.1",
  "serial": 342,
  "lineage": "9bc8418c-9517-237c-641d-1578d1860905",
  "outputs": {
    "bastion_id": {
      "value": "i-015f5249d32031261",
      "type": "string"
    },
    "bastion_key_name": {
      "value": "osiav1-key",
      "type": "string"
    },
    "bastion_private_ip": {
      "value": "10.0.1.143",
      "type": "string"
    },
    "bastion_public_ip": {
      "value": "13.201.10.33",
      "type": "string"
    },
    "ec2_instance_ids": {
      "value": [
        "i-05c24bacb45786f7f",
        "i-04a3fa27e68d1f7b9"
      ],
      "type": [
        "tuple",
        [
          "string",
          "string"
        ]
      ]
    },
    "ec2_private_ips": {
      "value": [
        "10.0.3.22",
        "10.0.4.214"
      ],
      "type": [
        "tuple",
        [
          "string",
          "string"
        ]
      ]
    },
    "igw_id": {
      "value": "igw-0c7ff9204258466c7",
      "type": "string"
    },
    "private_subnet_ids": {
      "value": [
        "subnet-0e4744ff622874891",
        "subnet-082ebc0aad24820eb"
      ],
      "type": [
        "tuple",
        [
          "string",
          "string"
        ]
      ]
    },
    "public_route_table_id": {
      "value": "rtb-0baf4c20cdf19dfc3",
      "type": "string"
    },
    "public_subnet_ids": {
      "value": [
        "subnet-074580b236e962ee7",
        "subnet-0cffee818a335c60f"
      ],
      "type": [
        "tuple",
        [
          "string",
          "string"
        ]
      ]
    },
    "rds_cluster_endpoint": {
      "value": "osia-aurora-cluster.cluster-cjeagcm2ejhs.ap-south-1.rds.amazonaws.com",
      "type": "string"
    },
    "rds_reader_endpoint": {
      "value": "osia-aurora-cluster.cluster-ro-cjeagcm2ejhs.ap-south-1.rds.amazonaws.com",
      "type": "string"
    },
    "security_groups": {
      "value": {
        "bastion-sg": "sg-0c4b685bab72df02b",
        "db-sg": "sg-00a62b801f5579ac3",
        "private-ec2-sg": "sg-0533b0c1e9f0d4e1b",
        "web-sg": "sg-0eadc8e661ea8c7cc"
      },
      "type": [
        "object",
        {
          "bastion-sg": "string",
          "db-sg": "string",
          "private-ec2-sg": "string",
          "web-sg": "string"
        }
      ]
    },
    "vpc_id": {
      "value": "vpc-024dff215f143950f",
      "type": "string"
    }
  },
  "resources": [
    {
      "module": "module.bastion",
      "mode": "managed",
      "type": "aws_instance",
      "name": "bastion",
      "provider": "provider[\"registry.terraform.io/hashicorp/aws\"]",
      "instances": [
        {
          "schema_version": 1,
          "attributes": {
            "ami": "ami-02d26659fd82cf299",
            "arn": "arn:aws:ec2:ap-south-1:413800980726:instance/i-015f5249d32031261",
            "associate_public_ip_address": true,
            "availability_zone": "ap-south-1a",
            "capacity_reservation_specification": [
              {
                "capacity_reservation_preference": "open",
                "capacity_reservation_target": []
              }
            ],
            "cpu_core_count": 1,
            "cpu_options": [
              {
                "amd_sev_snp": "",
                "core_count": 1,
                "threads_per_core": 2
              }
            ],
            "cpu_threads_per_core": 2,
            "credit_specification": [
              {
                "cpu_credits": "unlimited"
              }
            ],
            "disable_api_stop": false,
            "disable_api_termination": false,
            "ebs_block_device": [],
            "ebs_optimized": false,
            "enable_primary_ipv6": null,
            "enclave_options": [
              {
                "enabled": false
              }
            ],
            "ephemeral_block_device": [],
            "get_password_data": false,
            "hibernation": false,
            "host_id": "",
            "host_resource_group_arn": null,
            "iam_instance_profile": "",
            "id": "i-015f5249d32031261",
            "instance_initiated_shutdown_behavior": "stop",
            "instance_lifecycle": "",
            "instance_market_options": [],
            "instance_state": "running",
            "instance_type": "t3.micro",
            "ipv6_address_count": 0,
            "ipv6_addresses": [],
            "key_name": "osiav1-key",
            "launch_template": [],
            "maintenance_options": [
              {
                "auto_recovery": "default"
              }
            ],
            "metadata_options": [
              {
                "http_endpoint": "enabled",
                "http_protocol_ipv6": "disabled",
                "http_put_response_hop_limit": 2,
                "http_tokens": "required",
                "instance_metadata_tags": "disabled"
              }
            ],
            "monitoring": false,
            "network_interface": [],
            "outpost_arn": "",
            "password_data": "",
            "placement_group": "",
            "placement_partition_number": 0,
            "primary_network_interface_id": "eni-0a91538c0ea41cc84",
            "private_dns": "ip-10-0-1-143.ap-south-1.compute.internal",
            "private_dns_name_options": [
              {
                "enable_resource_name_dns_a_record": false,
                "enable_resource_name_dns_aaaa_record": false,
                "hostname_type": "ip-name"
              }
            ],
            "private_ip": "10.0.1.143",
            "public_dns": "ec2-13-201-10-33.ap-south-1.compute.amazonaws.com",
            "public_ip": "13.201.10.33",
            "root_block_device": [
              {
                "delete_on_termination": true,
                "device_name": "/dev/sda1",
                "encrypted": false,
                "iops": 3000,
                "kms_key_id": "",
                "tags": {},
                "tags_all": {},
                "throughput": 125,
                "volume_id": "vol-0a2b16e332a82b673",
                "volume_size": 8,
                "volume_type": "gp3"
              }
            ],
            "secondary_private_ips": [],
            "security_groups": [],
            "source_dest_check": true,
            "spot_instance_request_id": "",
            "subnet_id": "subnet-074580b236e962ee7",
            "tags": {
              "Name": "osiav1-bastion"
            },
            "tags_all": {
              "Name": "osiav1-bastion"
            },
            "tenancy": "default",
            "timeouts": null,
            "user_data": null,
            "user_data_base64": null,
            "user_data_replace_on_change": false,
            "volume_tags": null,
            "vpc_security_group_ids": [
              "sg-0c4b685bab72df02b"
            ]
          },
          "sensitive_attributes": [],
          "identity_schema_version": 0,
          "private": "eyJlMmJmYjczMC1lY2FhLTExZTYtOGY4OC0zNDM2M2JjN2M0YzAiOnsiY3JlYXRlIjo2MDAwMDAwMDAwMDAsImRlbGV0ZSI6MTIwMDAwMDAwMDAwMCwicmVhZCI6OTAwMDAwMDAwMDAwLCJ1cGRhdGUiOjYwMDAwMDAwMDAwMH0sInNjaGVtYV92ZXJzaW9uIjoiMSJ9",
          "dependencies": [
            "module.security_group.aws_security_group.this",
            "module.vpc.aws_subnet.public",
            "module.vpc.aws_vpc.this"
          ]
        }
      ]
    },
    {
      "module": "module.beanstalk",
      "mode": "managed",
      "type": "aws_elastic_beanstalk_application",
      "name": "this",
      "provider": "provider[\"registry.terraform.io/hashicorp/aws\"]",
      "instances": [
        {
          "schema_version": 0,
          "attributes": {
            "appversion_lifecycle": [],
            "arn": "arn:aws:elasticbeanstalk:ap-south-1:413800980726:application/my-eb-app",
            "description": "Osia web application",
            "id": "my-eb-app",
            "name": "my-eb-app",
            "tags": {},
            "tags_all": {}
          },
          "sensitive_attributes": [],
          "identity_schema_version": 0,
          "private": "bnVsbA=="
        }
      ]
    },
    {
      "module": "module.beanstalk",
      "mode": "managed",
      "type": "aws_elastic_beanstalk_environment",
      "name": "this",
      "provider": "provider[\"registry.terraform.io/hashicorp/aws\"]",
      "instances": [
        {
          "status": "tainted",
          "schema_version": 1,
          "attributes": {
            "all_settings": [],
            "application": "my-eb-app",
            "arn": null,
            "autoscaling_groups": null,
            "cname": null,
            "cname_prefix": null,
            "description": null,
            "endpoint_url": null,
            "id": "e-5dwgqmpjci",
            "instances": null,
            "launch_configurations": null,
            "load_balancers": null,
            "name": "my-eb-env",
            "platform_arn": null,
            "poll_interval": null,
            "queues": null,
            "setting": [
              {
                "name": "AssociatePublicIpAddress",
                "namespace": "aws:ec2:vpc",
                "resource": "",
                "value": "True"
              },
              {
                "name": "ELBScheme",
                "namespace": "aws:ec2:vpc",
                "resource": "",
                "value": "internet facing"
              },
              {
                "name": "IamInstanceProfile",
                "namespace": "aws:autoscaling:launchconfiguration",
                "resource": "",
                "value": "aws-elasticbeanstalk-ec2-role"
              },
              {
                "name": "InstanceType",
                "namespace": "aws:autoscaling:launchconfiguration",
                "resource": "",
                "value": "t2.medium"
              },
              {
                "name": "LoadBalancerType",
                "namespace": "aws:elasticbeanstalk:environment",
                "resource": "",
                "value": "application"
              },
              {
                "name": "MatcherHTTPCode",
                "namespace": "aws:elasticbeanstalk:environment:process:default",
                "resource": "",
                "value": "200"
              },
              {
                "name": "MaxSize",
                "namespace": "aws:autoscaling:asg",
                "resource": "",
                "value": "2"
              },
              {
                "name": "MinSize",
                "namespace": "aws:autoscaling:asg",
                "resource": "",
                "value": "1"
              },
              {
                "name": "Subnets",
                "namespace": "aws:ec2:vpc",
                "resource": "",
                "value": "subnet-074580b236e962ee7,subnet-0cffee818a335c60f"
              },
              {
                "name": "SystemType",
                "namespace": "aws:elasticbeanstalk:healthreporting:system",
                "resource": "",
                "value": "enhanced"
              },
              {
                "name": "VPCID",
                "namespace": "aws:ec2:vpc",
                "resource": "",
                "value": "vpc-024dff215f143950f"
              }
            ],
            "solution_stack_name": "64bit Amazon Linux 2 v3.9.4 running Corretto 17",
            "tags": null,
            "tags_all": null,
            "template_name": null,
            "tier": "WebServer",
            "triggers": null,
            "version_label": null,
            "wait_for_ready_timeout": "20m"
          },
          "sensitive_attributes": [],
          "identity_schema_version": 0,
          "private": "eyJzY2hlbWFfdmVyc2lvbiI6IjEifQ==",
          "dependencies": [
            "module.beanstalk.aws_elastic_beanstalk_application.this",
            "module.beanstalk.aws_iam_instance_profile.eb_instance_profile",
            "module.beanstalk.aws_iam_role.eb_instance_role",
            "module.vpc.aws_subnet.public",
            "module.vpc.aws_vpc.this"
          ]
        }
      ]
    },
    {
      "module": "module.beanstalk",
      "mode": "managed",
      "type": "aws_iam_instance_profile",
      "name": "eb_instance_profile",
      "provider": "provider[\"registry.terraform.io/hashicorp/aws\"]",
      "instances": [
        {
          "schema_version": 0,
          "attributes": {
            "arn": "arn:aws:iam::413800980726:instance-profile/aws-elasticbeanstalk-ec2-role",
            "create_date": "2025-09-06T11:37:35Z",
            "id": "aws-elasticbeanstalk-ec2-role",
            "name": "aws-elasticbeanstalk-ec2-role",
            "name_prefix": "",
            "path": "/",
            "role": "aws-elasticbeanstalk-ec2-role",
            "tags": null,
            "tags_all": {},
            "unique_id": "AIPAWAWDV4D3A3QUEE3R2"
          },
          "sensitive_attributes": [],
          "identity_schema_version": 0,
          "private": "bnVsbA==",
          "dependencies": [
            "module.beanstalk.aws_iam_role.eb_instance_role"
          ]
        }
      ]
    },
    {
      "module": "module.beanstalk",
      "mode": "managed",
      "type": "aws_iam_role",
      "name": "eb_instance_role",
      "provider": "provider[\"registry.terraform.io/hashicorp/aws\"]",
      "instances": [
        {
          "schema_version": 0,
          "attributes": {
            "arn": "arn:aws:iam::413800980726:role/aws-elasticbeanstalk-ec2-role",
            "assume_role_policy": "{\"Statement\":[{\"Action\":\"sts:AssumeRole\",\"Effect\":\"Allow\",\"Principal\":{\"Service\":\"ec2.amazonaws.com\"}}],\"Version\":\"2012-10-17\"}",
            "create_date": "2025-09-06T11:37:33Z",
            "description": "",
            "force_detach_policies": false,
            "id": "aws-elasticbeanstalk-ec2-role",
            "inline_policy": [],
            "managed_policy_arns": [],
            "max_session_duration": 3600,
            "name": "aws-elasticbeanstalk-ec2-role",
            "name_prefix": "",
            "path": "/",
            "permissions_boundary": "",
            "tags": null,
            "tags_all": {},
            "unique_id": "AROAWAWDV4D3CHSBA5HK7"
          },
          "sensitive_attributes": [],
          "identity_schema_version": 0,
          "private": "bnVsbA=="
        }
      ]
    },
    {
      "module": "module.beanstalk",
      "mode": "managed",
      "type": "aws_iam_role_policy_attachment",
      "name": "eb_managed",
      "provider": "provider[\"registry.terraform.io/hashicorp/aws\"]",
      "instances": [
        {
          "schema_version": 0,
          "attributes": {
            "id": "aws-elasticbeanstalk-ec2-role-20250906113735522900000001",
            "policy_arn": "arn:aws:iam::aws:policy/AWSElasticBeanstalkWebTier",
            "role": "aws-elasticbeanstalk-ec2-role"
          },
          "sensitive_attributes": [],
          "identity_schema_version": 0,
          "private": "bnVsbA==",
          "dependencies": [
            "module.beanstalk.aws_iam_role.eb_instance_role"
          ]
        }
      ]
    },
    {
      "module": "module.ec2",
      "mode": "managed",
      "type": "aws_instance",
      "name": "this",
      "provider": "provider[\"registry.terraform.io/hashicorp/aws\"]",
      "instances": [
        {
          "index_key": "osiav1-ec2-1-0",
          "schema_version": 1,
          "attributes": {
            "ami": "ami-02d26659fd82cf299",
            "arn": "arn:aws:ec2:ap-south-1:413800980726:instance/i-05c24bacb45786f7f",
            "associate_public_ip_address": false,
            "availability_zone": "ap-south-1a",
            "capacity_reservation_specification": [
              {
                "capacity_reservation_preference": "open",
                "capacity_reservation_target": []
              }
            ],
            "cpu_core_count": 1,
            "cpu_options": [
              {
                "amd_sev_snp": "",
                "core_count": 1,
                "threads_per_core": 2
              }
            ],
            "cpu_threads_per_core": 2,
            "credit_specification": [
              {
                "cpu_credits": "unlimited"
              }
            ],
            "disable_api_stop": false,
            "disable_api_termination": false,
            "ebs_block_device": [],
            "ebs_optimized": false,
            "enable_primary_ipv6": null,
            "enclave_options": [
              {
                "enabled": false
              }
            ],
            "ephemeral_block_device": [],
            "get_password_data": false,
            "hibernation": false,
            "host_id": "",
            "host_resource_group_arn": null,
            "iam_instance_profile": "",
            "id": "i-05c24bacb45786f7f",
            "instance_initiated_shutdown_behavior": "stop",
            "instance_lifecycle": "",
            "instance_market_options": [],
            "instance_state": "running",
            "instance_type": "t3.micro",
            "ipv6_address_count": 0,
            "ipv6_addresses": [],
            "key_name": "osiav1-key",
            "launch_template": [],
            "maintenance_options": [
              {
                "auto_recovery": "default"
              }
            ],
            "metadata_options": [
              {
                "http_endpoint": "enabled",
                "http_protocol_ipv6": "disabled",
                "http_put_response_hop_limit": 2,
                "http_tokens": "required",
                "instance_metadata_tags": "disabled"
              }
            ],
            "monitoring": false,
            "network_interface": [],
            "outpost_arn": "",
            "password_data": "",
            "placement_group": "",
            "placement_partition_number": 0,
            "primary_network_interface_id": "eni-0af77ed2ca35fa060",
            "private_dns": "ip-10-0-3-22.ap-south-1.compute.internal",
            "private_dns_name_options": [
              {
                "enable_resource_name_dns_a_record": false,
                "enable_resource_name_dns_aaaa_record": false,
                "hostname_type": "ip-name"
              }
            ],
            "private_ip": "10.0.3.22",
            "public_dns": "",
            "public_ip": "",
            "root_block_device": [
              {
                "delete_on_termination": true,
                "device_name": "/dev/sda1",
                "encrypted": false,
                "iops": 3000,
                "kms_key_id": "",
                "tags": {},
                "tags_all": {},
                "throughput": 125,
                "volume_id": "vol-065344adc160cf3a0",
                "volume_size": 8,
                "volume_type": "gp3"
              }
            ],
            "secondary_private_ips": [],
            "security_groups": [],
            "source_dest_check": true,
            "spot_instance_request_id": "",
            "subnet_id": "subnet-0e4744ff622874891",
            "tags": {
              "Name": "osiav1-ec2-1",
              "Owner": "Random",
              "Project": "osiav1"
            },
            "tags_all": {
              "Name": "osiav1-ec2-1",
              "Owner": "Random",
              "Project": "osiav1"
            },
            "tenancy": "default",
            "timeouts": null,
            "user_data": null,
            "user_data_base64": null,
            "user_data_replace_on_change": false,
            "volume_tags": null,
            "vpc_security_group_ids": [
              "sg-0533b0c1e9f0d4e1b"
            ]
          },
          "sensitive_attributes": [],
          "identity_schema_version": 0,
          "private": "eyJlMmJmYjczMC1lY2FhLTExZTYtOGY4OC0zNDM2M2JjN2M0YzAiOnsiY3JlYXRlIjo2MDAwMDAwMDAwMDAsImRlbGV0ZSI6MTIwMDAwMDAwMDAwMCwicmVhZCI6OTAwMDAwMDAwMDAwLCJ1cGRhdGUiOjYwMDAwMDAwMDAwMH0sInNjaGVtYV92ZXJzaW9uIjoiMSJ9",
          "dependencies": [
            "module.ec2.aws_key_pair.this",
            "module.ec2.tls_private_key.this",
            "module.security_group.aws_security_group.this",
            "module.vpc.aws_subnet.private",
            "module.vpc.aws_vpc.this"
          ]
        },
        {
          "index_key": "osiav1-ec2-2-1",
          "schema_version": 1,
          "attributes": {
            "ami": "ami-02d26659fd82cf299",
            "arn": "arn:aws:ec2:ap-south-1:413800980726:instance/i-04a3fa27e68d1f7b9",
            "associate_public_ip_address": false,
            "availability_zone": "ap-south-1b",
            "capacity_reservation_specification": [
              {
                "capacity_reservation_preference": "open",
                "capacity_reservation_target": []
              }
            ],
            "cpu_core_count": 1,
            "cpu_options": [
              {
                "amd_sev_snp": "",
                "core_count": 1,
                "threads_per_core": 2
              }
            ],
            "cpu_threads_per_core": 2,
            "credit_specification": [
              {
                "cpu_credits": "unlimited"
              }
            ],
            "disable_api_stop": false,
            "disable_api_termination": false,
            "ebs_block_device": [],
            "ebs_optimized": false,
            "enable_primary_ipv6": null,
            "enclave_options": [
              {
                "enabled": false
              }
            ],
            "ephemeral_block_device": [],
            "get_password_data": false,
            "hibernation": false,
            "host_id": "",
            "host_resource_group_arn": null,
            "iam_instance_profile": "",
            "id": "i-04a3fa27e68d1f7b9",
            "instance_initiated_shutdown_behavior": "stop",
            "instance_lifecycle": "",
            "instance_market_options": [],
            "instance_state": "running",
            "instance_type": "t3.micro",
            "ipv6_address_count": 0,
            "ipv6_addresses": [],
            "key_name": "osiav1-key",
            "launch_template": [],
            "maintenance_options": [
              {
                "auto_recovery": "default"
              }
            ],
            "metadata_options": [
              {
                "http_endpoint": "enabled",
                "http_protocol_ipv6": "disabled",
                "http_put_response_hop_limit": 2,
                "http_tokens": "required",
                "instance_metadata_tags": "disabled"
              }
            ],
            "monitoring": false,
            "network_interface": [],
            "outpost_arn": "",
            "password_data": "",
            "placement_group": "",
            "placement_partition_number": 0,
            "primary_network_interface_id": "eni-0436d1f81a39a52d2",
            "private_dns": "ip-10-0-4-214.ap-south-1.compute.internal",
            "private_dns_name_options": [
              {
                "enable_resource_name_dns_a_record": false,
                "enable_resource_name_dns_aaaa_record": false,
                "hostname_type": "ip-name"
              }
            ],
            "private_ip": "10.0.4.214",
            "public_dns": "",
            "public_ip": "",
            "root_block_device": [
              {
                "delete_on_termination": true,
                "device_name": "/dev/sda1",
                "encrypted": false,
                "iops": 3000,
                "kms_key_id": "",
                "tags": {},
                "tags_all": {},
                "throughput": 125,
                "volume_id": "vol-0e9f2115a7f7001dc",
                "volume_size": 8,
                "volume_type": "gp3"
              }
            ],
            "secondary_private_ips": [],
            "security_groups": [],
            "source_dest_check": true,
            "spot_instance_request_id": "",
            "subnet_id": "subnet-082ebc0aad24820eb",
            "tags": {
              "Name": "osiav1-ec2-2",
              "Owner": "Random",
              "Project": "osiav1"
            },
            "tags_all": {
              "Name": "osiav1-ec2-2",
              "Owner": "Random",
              "Project": "osiav1"
            },
            "tenancy": "default",
            "timeouts": null,
            "user_data": null,
            "user_data_base64": null,
            "user_data_replace_on_change": false,
            "volume_tags": null,
            "vpc_security_group_ids": [
              "sg-0533b0c1e9f0d4e1b"
            ]
          },
          "sensitive_attributes": [],
          "identity_schema_version": 0,
          "private": "eyJlMmJmYjczMC1lY2FhLTExZTYtOGY4OC0zNDM2M2JjN2M0YzAiOnsiY3JlYXRlIjo2MDAwMDAwMDAwMDAsImRlbGV0ZSI6MTIwMDAwMDAwMDAwMCwicmVhZCI6OTAwMDAwMDAwMDAwLCJ1cGRhdGUiOjYwMDAwMDAwMDAwMH0sInNjaGVtYV92ZXJzaW9uIjoiMSJ9",
          "dependencies": [
            "module.ec2.aws_key_pair.this",
            "module.ec2.tls_private_key.this",
            "module.security_group.aws_security_group.this",
            "module.vpc.aws_subnet.private",
            "module.vpc.aws_vpc.this"
          ]
        }
      ]
    },
    {
      "module": "module.ec2",
      "mode": "managed",
      "type": "aws_key_pair",
      "name": "this",
      "provider": "provider[\"registry.terraform.io/hashicorp/aws\"]",
      "instances": [
        {
          "schema_version": 1,
          "attributes": {
            "arn": "arn:aws:ec2:ap-south-1:413800980726:key-pair/osiav1-key",
            "fingerprint": "02:61:f7:65:06:44:c0:fa:75:b6:9d:16:69:9b:2d:53",
            "id": "osiav1-key",
            "key_name": "osiav1-key",
            "key_name_prefix": "",
            "key_pair_id": "key-06ee75b5b393bac8d",
            "key_type": "rsa",
            "public_key": "ssh-rsa AAAAB3NzaC1yc2EAAAADAQABAAACAQDGz5bXjYWoZpRR2aOO8yZaBEgCE0j4DyLv9xS1gE0W/xyaZ15MF3U2q3CtLlMcJCIDL6YSKgbQTHgggQjkgHUvk8xkbEcCi4JXDQZ6xMZbtj5cLbQWiAVsLShhrxOxxuEE6iRXzfAzqIfVELnOKK99jKjLy38a6hGO2G5l+isD9S30HBYKQRwR0HkiBsIwdIOferHMv72Pw/B41gQeBEVocoJx39LJ0uASV4LFq1E+8EWd1MkTdEVqensP/oO3iM2QN7gYgMNIA6hTm6qhoSRRiy+NpDboNOL8Gc2/dIzvpM7+AWkkm+39276cxth61TpvMoRi59jfU7PzXcOrJc/PGAjCgvafJ8i6NJEAmotmLKfrb6AZOLPl3LhjhLFT0LmA5CkqzxCcYAjOCQstXJA+REjbvvplhWcrx1QQTGv33/YyTmjqDZf5vnkgl9ee8Mr7AfS+igSnLky7dFU9nHyVG0aboaMUBqWVcOZdy96bGp0bzZKw+t3qiGbnx27Zw568x7tKOLrEqvmMk/fCO/eYP7HmD1gaICNY3BL3RWMAwdgli7KU8WyWbEdHkHhSSskT5DPdTaF2fnG/miHb86lcw1s4YL3pFwIQK9ROY7fxy3go+ZRJdjeXRdO+t+oMzo9D9n6B36nbzlyID6PcGZFzlfHKjFeaFqoJqHC3ds/81w==",
            "tags": {},
            "tags_all": {}
          },
          "sensitive_attributes": [],
          "identity_schema_version": 0,
          "private": "eyJzY2hlbWFfdmVyc2lvbiI6IjEifQ==",
          "dependencies": [
            "module.ec2.tls_private_key.this"
          ]
        }
      ]
    },
    {
      "module": "module.ec2",
      "mode": "managed",
      "type": "local_file",
      "name": "private_key",
      "provider": "provider[\"registry.terraform.io/hashicorp/local\"]",
      "instances": [
        {
          "schema_version": 0,
          "attributes": {
            "content": "-----BEGIN RSA PRIVATE KEY-----\nMIIJKAIBAAKCAgEAxs+W142FqGaUUdmjjvMmWgRIAhNI+A8i7/cUtYBNFv8cmmde\nTBd1NqtwrS5THCQiAy+mEioG0Ex4IIEI5IB1L5PMZGxHAouCVw0GesTGW7Y+XC20\nFogFbC0oYa8TscbhBOokV83wM6iH1RC5ziivfYyoy8t/GuoRjthuZforA/Ut9BwW\nCkEcEdB5IgbCMHSDn3qxzL+9j8PweNYEHgRFaHKCcd/SydLgEleCxatRPvBFndTJ\nE3RFanp7D/6Dt4jNkDe4GIDDSAOoU5uqoaEkUYsvjaQ26DTi/BnNv3SM76TO/gFp\nJJvt/du+nMbYetU6bzKEYufY31Oz813DqyXPzxgIwoL2nyfIujSRAJqLZiyn62+g\nGTiz5dy4Y4SxU9C5gOQpKs8QnGAIzgkLLVyQPkRI2776ZYVnK8dUEExr99/2Mk5o\n6g2X+b55IJfXnvDK+wH0vooEpy5Mu3RVPZx8lRtGm6GjFAallXDmXcvemxqdG82S\nsPrd6ohm58du2cOevMe7Sji6xKr5jJP3wjv3mD+x5g9YGiAjWNwS90VjAMHYJYuy\nlPFslmxHR5B4UkrJE+Qz3U2hdn5xv5oh2/OpXMNbOGC96RcCECvUTmO38ct4KPmU\nSXY3l0XTvrfqDM6PQ/Z+gd+p285ciA+j3BmRc5XxyoxXmhaqCahwt3bP/NcCAwEA\nAQKCAgAsabaAW9i2eIf8yvpbVl1Ecb1mXUmJRNRguBkzvMA7+Wy534q0w+7G8kCf\nJ4Cggj/o502ZtDLGeLbDSCAk779+C+32pyur2V+aM8o1Rd0sIsfGjt0yxVs0wdfK\nDrL/HXcqQmYxCUv2Nll10yE2+WbOzMvujvzLleurNhVfiaXvYefMpzOTQd1T63cM\nD2d1LKo0x9ONcm4V/kcrr1/HFtwsi5wxdTdhJ88vucX4g5+ISGO88QqkYm6ZbVgt\niAWDzDdj1ta0/prhbRO+7cEOD3IOF2JdqYgskpf8ioUolpBffrlRDB6hc4YUlnD8\nE/3LXvQJYEcr0zBjH49NOC6cfrtv2q7RlEy0xvfvqXVrLEOjusK8w25rt3gnf7Tj\nm27SSYyT/9D1DeTC72dQ1kaziqfw4iQDXMlLARNyCk8tbhsxlQgWGEUvEMj7uaq/\nYvFDc0CDCC4bgWGNWsNfBwlR5322S3s0hHjznk1ZvJoPHUmJJH2l96/KzNiPU86w\ndS+YSdExRO6Q/JonJve365+JBeBUbd0WvrY0zrSTNjXuXDd/lxiStEnHDigVPllZ\nKmqDXNJ3pB6Q7k6iFJ/udtM60I2QGsDVLitUNuwnhtlmne23JEzg2JqZV4xZVKuY\nmvUFKYLTxHhCd4Gtg+wa0cEZoFB0iD7jZqvf1mMyAHb6T1UB6QKCAQEA1OQi/6dR\nxEBO/uyO1uu9U8j3eq/+YGHreKRJ44Q3syyoll5Ytl/Obj1A0c3xjqLrDy1r/iEg\n/fuE2EZ78+lBZn26fNIdnh3cwtobX7S+33ktdQG4VeHieT71cybp0AtRjGgfAJ0f\nnpgJo0mBxP39Bgg6tGFvQo5sx6AqQc3CxMI/kakqSQDDhVMelxn7ps5uRhOEzEhZ\nD901oo7vrJyhTs6Ze+DSqDBvJx+tiZSROZJQgKvmEP2sYp3JHwGxh8CmtrBRrVdR\nK/9ks5OLxmYVUekRnFc/oIAwXgpRJNrd6cgWN4b3pUaDJoxow7NrX6eBJ5rgxCRB\nH3isuBnti4hnrwKCAQEA7xGPHjPFCCzGE3cOzyQs5HkoxzxXEVxorQor5YU+K9Im\nGYuuk6dSSoxhUzCB1ljD9nvaVRlN3CPK2pLMlWuF/chA1llbRusAQE4+e1TRAN/3\nPfJAafS3L2x/VDA+OXkFxw88srFxzQ9R+omEN1YmLiHDPFNRtVBsdkKzatuQBk+A\nA/fhTK/krZzd7O3IBtsMwMWvnD1bTFA1+R87XFi9mYVDIZXP0jl/T+FuXn+0YlwG\np6kipb7XhkWwQzGxViiuEglr6Dmayj6Tq+yyttfYMMhu5ezpNDBD+jEdGGu96vEj\nvSpayNv/Xx9l/DbiPIWtfW5b6RGm//hYDriJuTZfWQKCAQEAxg8UzHmypX0awSn9\nXc/lzMwcCYUwiCSxOATIRSXd2BDFK1fM+qa5W3AbHNWXVJcXToB4hu31TrUwCzHP\n4cTxNlPkKnokWdT4bEMT0n9KUIfhFYkrIKNM2nYLTj02q3nMPW8k4KJNJ3PVC5e4\nZjfRrUn8q5I2O1pbs4C7r4qpF/qLv4z9LPvL6v7AZ90hdTd5+jHwi0kHqq2nV3vZ\nWOJDZBjrTAeGlDizQFfFUEjqrwADayIBoW8PcJPQ58rgiiZeM3poEnc4qlEpM7Qi\nBss0LIdD/gphxIVd+i9o/Huulu+yU6h6PsYR/8wDL4Z9b3lbvCfn0jLUb14KeiCN\nEhIuOwKCAQA+FSZAZptFKzNo/KMI4dESp/ASBTZrGL9KKHkLypVBlfo06hQ03d+9\n4kSn8NHW0whYqwMg1Ehm4ZidOEAOkXSjWeyUfXH5sa9IA8mwB2+bNY4kNRPLMDSe\nCSPrvfd6v1Xjwq41jWULJm5YjHucTy/tDPGBafWvCyqPb3TeTBRTvzN0VFvaqVbO\nSw1KqNkoBpyCNxQKk9hwsefCQP0OVzEte/DZ+OiWJD5OhTE/MxSp8lH8Gi0YM74O\nbWx/lpkB0eCaaH3wOX1cBfIdVIN4fgbzbCl4ZhSNa/dLMpPmspwINgTc6/HVdWQU\n1LeMTshjhSdvikgt91qR4HElqYCCa39JAoIBAAb5i6FyrPRmezTVmYKOjX6/BdEy\nOVqY3c5H9YSc6MVSKYppbLau9URR35moVhJsQUCbH2koAN+HCn3SM3Vf64/emjHP\nnxJk4XL96aSkdEq9Z/9Gq6Dkc0a8TYLu6HIwuRQ1iQnAKXStUYikOaW/7CqbV/y+\npXf3rsG69ouZ9RHthr0dfZJC764TrGbc4LCgLhE6v+cxqTsVLFNHY0ub6CaASz0L\n9qmOmDjz+taf+p8ojuW1qgvSz6Ea2zLESq3FhdIHk7WHgCs9i62Rn1wBbaPD0uaK\nYWTUWWBGJoZ76kpiXOoLpOtiGojVfF/GQWXMvtPqC1KigaUNHsFA8C+HMP4=\n-----END RSA PRIVATE KEY-----\n",
            "content_base64": null,
            "content_base64sha256": "YzSg2zQB66iJt725c4KVPKLAYrQKn+tfajKP9zxS4Bk=",
            "content_base64sha512": "wD45Sg8qIxYUJAm1PxqAfSA7hO/OuUK3PprBQRMOhhIncDEgE8VKp7Im3jbL4ccV983BW2tPEaVvIFYZ9cMR8A==",
            "content_md5": "525c21b85b853b663c87e6d24794794c",
            "content_sha1": "150649895e3d977d1fee28371baad231a9e89fba",
            "content_sha256": "6334a0db3401eba889b7bdb97382953ca2c062b40a9feb5f6a328ff73c52e019",
            "content_sha512": "c03e394a0f2a2316142409b53f1a807d203b84efceb942b73e9ac141130e86122770312013c54aa7b226de36cbe1c715f7cdc15b6b4f11a56f205619f5c311f0",
            "directory_permission": "0777",
            "file_permission": "0777",
            "filename": "modules/ec2/ec2_private_key.pem",
            "id": "150649895e3d977d1fee28371baad231a9e89fba",
            "sensitive_content": null,
            "source": null
          },
          "sensitive_attributes": [
            [
              {
                "type": "get_attr",
                "value": "content"
              }
            ],
            [
              {
                "type": "get_attr",
                "value": "sensitive_content"
              }
            ]
          ],
          "identity_schema_version": 0,
          "dependencies": [
            "module.ec2.tls_private_key.this"
          ]
        }
      ]
    },
    {
      "module": "module.ec2",
      "mode": "managed",
      "type": "tls_private_key",
      "name": "this",
      "provider": "provider[\"registry.terraform.io/hashicorp/tls\"]",
      "instances": [
        {
          "schema_version": 1,
          "attributes": {
            "algorithm": "RSA",
            "ecdsa_curve": "P224",
            "id": "263c08b2e249ff3ccdb933410497bbc2bbd6a593",
            "private_key_openssh": "-----BEGIN OPENSSH PRIVATE KEY-----\nb3BlbnNzaC1rZXktdjEAAAAABG5vbmUAAAAEbm9uZQAAAAAAAAABAAACFwAAAAdz\nc2gtcnNhAAAAAwEAAQAAAgEAxs+W142FqGaUUdmjjvMmWgRIAhNI+A8i7/cUtYBN\nFv8cmmdeTBd1NqtwrS5THCQiAy+mEioG0Ex4IIEI5IB1L5PMZGxHAouCVw0GesTG\nW7Y+XC20FogFbC0oYa8TscbhBOokV83wM6iH1RC5ziivfYyoy8t/GuoRjthuZfor\nA/Ut9BwWCkEcEdB5IgbCMHSDn3qxzL+9j8PweNYEHgRFaHKCcd/SydLgEleCxatR\nPvBFndTJE3RFanp7D/6Dt4jNkDe4GIDDSAOoU5uqoaEkUYsvjaQ26DTi/BnNv3SM\n76TO/gFpJJvt/du+nMbYetU6bzKEYufY31Oz813DqyXPzxgIwoL2nyfIujSRAJqL\nZiyn62+gGTiz5dy4Y4SxU9C5gOQpKs8QnGAIzgkLLVyQPkRI2776ZYVnK8dUEExr\n99/2Mk5o6g2X+b55IJfXnvDK+wH0vooEpy5Mu3RVPZx8lRtGm6GjFAallXDmXcve\nmxqdG82SsPrd6ohm58du2cOevMe7Sji6xKr5jJP3wjv3mD+x5g9YGiAjWNwS90Vj\nAMHYJYuylPFslmxHR5B4UkrJE+Qz3U2hdn5xv5oh2/OpXMNbOGC96RcCECvUTmO3\n8ct4KPmUSXY3l0XTvrfqDM6PQ/Z+gd+p285ciA+j3BmRc5XxyoxXmhaqCahwt3bP\n/NcAAAc4UFHrQVBR60EAAAAHc3NoLXJzYQAAAgEAxs+W142FqGaUUdmjjvMmWgRI\nAhNI+A8i7/cUtYBNFv8cmmdeTBd1NqtwrS5THCQiAy+mEioG0Ex4IIEI5IB1L5PM\nZGxHAouCVw0GesTGW7Y+XC20FogFbC0oYa8TscbhBOokV83wM6iH1RC5ziivfYyo\ny8t/GuoRjthuZforA/Ut9BwWCkEcEdB5IgbCMHSDn3qxzL+9j8PweNYEHgRFaHKC\ncd/SydLgEleCxatRPvBFndTJE3RFanp7D/6Dt4jNkDe4GIDDSAOoU5uqoaEkUYsv\njaQ26DTi/BnNv3SM76TO/gFpJJvt/du+nMbYetU6bzKEYufY31Oz813DqyXPzxgI\nwoL2nyfIujSRAJqLZiyn62+gGTiz5dy4Y4SxU9C5gOQpKs8QnGAIzgkLLVyQPkRI\n2776ZYVnK8dUEExr99/2Mk5o6g2X+b55IJfXnvDK+wH0vooEpy5Mu3RVPZx8lRtG\nm6GjFAallXDmXcvemxqdG82SsPrd6ohm58du2cOevMe7Sji6xKr5jJP3wjv3mD+x\n5g9YGiAjWNwS90VjAMHYJYuylPFslmxHR5B4UkrJE+Qz3U2hdn5xv5oh2/OpXMNb\nOGC96RcCECvUTmO38ct4KPmUSXY3l0XTvrfqDM6PQ/Z+gd+p285ciA+j3BmRc5Xx\nyoxXmhaqCahwt3bP/NcAAAADAQABAAACACxptoBb2LZ4h/zK+ltWXURxvWZdSYlE\n1GC4GTO8wDv5bLnfirTD7sbyQJ8ngKCCP+jnTZm0MsZ4tsNIICTvv34L7fanK6vZ\nX5ozyjVF3Swix8aO3TLFWzTB18oOsv8ddypCZjEJS/Y2WXXTITb5Zs7My+6O/MuV\n66s2FV+Jpe9h58ynM5NB3VPrdwwPZ3UsqjTH041ybhX+RyuvX8cW3CyLnDF1N2En\nzy+5xfiDn4hIY7zxCqRibpltWC2IBYPMN2PW1rT+muFtE77twQ4Pcg4XYl2piCyS\nl/yKhSiWkF9+uVEMHqFzhhSWcPwT/cte9AlgRyvTMGMfj004Lpx+u2/artGUTLTG\n9++pdWssQ6O6wrzDbmu3eCd/tOObbtJJjJP/0PUN5MLvZ1DWRrOKp/DiJANcyUsB\nE3IKTy1uGzGVCBYYRS8QyPu5qr9i8UNzQIMILhuBYY1aw18HCVHnfbZLezSEePOe\nTVm8mg8dSYkkfaX3r8rM2I9TzrB1L5hJ0TFE7pD8micm97frn4kF4FRt3Ra+tjTO\ntJM2Ne5cN3+XGJK0SccOKBU+WVkqaoNc0nekHpDuTqIUn+520zrQjZAawNUuK1Q2\n7CeG2Wad7bckTODYmplXjFlUq5ia9QUpgtPEeEJ3ga2D7BrRwRmgUHSIPuNmq9/W\nYzIAdvpPVQHpAAABAAb5i6FyrPRmezTVmYKOjX6/BdEyOVqY3c5H9YSc6MVSKYpp\nbLau9URR35moVhJsQUCbH2koAN+HCn3SM3Vf64/emjHPnxJk4XL96aSkdEq9Z/9G\nq6Dkc0a8TYLu6HIwuRQ1iQnAKXStUYikOaW/7CqbV/y+pXf3rsG69ouZ9RHthr0d\nfZJC764TrGbc4LCgLhE6v+cxqTsVLFNHY0ub6CaASz0L9qmOmDjz+taf+p8ojuW1\nqgvSz6Ea2zLESq3FhdIHk7WHgCs9i62Rn1wBbaPD0uaKYWTUWWBGJoZ76kpiXOoL\npOtiGojVfF/GQWXMvtPqC1KigaUNHsFA8C+HMP4AAAEBANTkIv+nUcRATv7sjtbr\nvVPI93qv/mBh63ikSeOEN7MsqJZeWLZfzm49QNHN8Y6i6w8ta/4hIP37hNhGe/Pp\nQWZ9unzSHZ4d3MLaG1+0vt95LXUBuFXh4nk+9XMm6dALUYxoHwCdH56YCaNJgcT9\n/QYIOrRhb0KObMegKkHNwsTCP5GpKkkAw4VTHpcZ+6bObkYThMxIWQ/dNaKO76yc\noU7OmXvg0qgwbycfrYmUkTmSUICr5hD9rGKdyR8BsYfAprawUa1XUSv/ZLOTi8Zm\nFVHpEZxXP6CAMF4KUSTa3enIFjeG96VGgyaMaMOza1+ngSea4MQkQR94rLgZ7YuI\nZ68AAAEBAO8Rjx4zxQgsxhN3Ds8kLOR5KMc8VxFcaK0KK+WFPivSJhmLrpOnUkqM\nYVMwgdZYw/Z72lUZTdwjytqSzJVrhf3IQNZZW0brAEBOPntU0QDf9z3yQGn0ty9s\nf1QwPjl5BccPPLKxcc0PUfqJhDdWJi4hwzxTUbVQbHZCs2rbkAZPgAP34Uyv5K2c\n3eztyAbbDMDFr5w9W0xQNfkfO1xYvZmFQyGVz9I5f0/hbl5/tGJcBqepIqW+14ZF\nsEMxsVYorhIJa+g5mso+k6vssrbX2DDIbuXs6TQwQ/oxHRhrverxI70qWsjb/18f\nZfw24jyFrX1uW+kRpv/4WA64ibk2X1kAAAAAAQID\n-----END OPENSSH PRIVATE KEY-----\n",
            "private_key_pem": "-----BEGIN RSA PRIVATE KEY-----\nMIIJKAIBAAKCAgEAxs+W142FqGaUUdmjjvMmWgRIAhNI+A8i7/cUtYBNFv8cmmde\nTBd1NqtwrS5THCQiAy+mEioG0Ex4IIEI5IB1L5PMZGxHAouCVw0GesTGW7Y+XC20\nFogFbC0oYa8TscbhBOokV83wM6iH1RC5ziivfYyoy8t/GuoRjthuZforA/Ut9BwW\nCkEcEdB5IgbCMHSDn3qxzL+9j8PweNYEHgRFaHKCcd/SydLgEleCxatRPvBFndTJ\nE3RFanp7D/6Dt4jNkDe4GIDDSAOoU5uqoaEkUYsvjaQ26DTi/BnNv3SM76TO/gFp\nJJvt/du+nMbYetU6bzKEYufY31Oz813DqyXPzxgIwoL2nyfIujSRAJqLZiyn62+g\nGTiz5dy4Y4SxU9C5gOQpKs8QnGAIzgkLLVyQPkRI2776ZYVnK8dUEExr99/2Mk5o\n6g2X+b55IJfXnvDK+wH0vooEpy5Mu3RVPZx8lRtGm6GjFAallXDmXcvemxqdG82S\nsPrd6ohm58du2cOevMe7Sji6xKr5jJP3wjv3mD+x5g9YGiAjWNwS90VjAMHYJYuy\nlPFslmxHR5B4UkrJE+Qz3U2hdn5xv5oh2/OpXMNbOGC96RcCECvUTmO38ct4KPmU\nSXY3l0XTvrfqDM6PQ/Z+gd+p285ciA+j3BmRc5XxyoxXmhaqCahwt3bP/NcCAwEA\nAQKCAgAsabaAW9i2eIf8yvpbVl1Ecb1mXUmJRNRguBkzvMA7+Wy534q0w+7G8kCf\nJ4Cggj/o502ZtDLGeLbDSCAk779+C+32pyur2V+aM8o1Rd0sIsfGjt0yxVs0wdfK\nDrL/HXcqQmYxCUv2Nll10yE2+WbOzMvujvzLleurNhVfiaXvYefMpzOTQd1T63cM\nD2d1LKo0x9ONcm4V/kcrr1/HFtwsi5wxdTdhJ88vucX4g5+ISGO88QqkYm6ZbVgt\niAWDzDdj1ta0/prhbRO+7cEOD3IOF2JdqYgskpf8ioUolpBffrlRDB6hc4YUlnD8\nE/3LXvQJYEcr0zBjH49NOC6cfrtv2q7RlEy0xvfvqXVrLEOjusK8w25rt3gnf7Tj\nm27SSYyT/9D1DeTC72dQ1kaziqfw4iQDXMlLARNyCk8tbhsxlQgWGEUvEMj7uaq/\nYvFDc0CDCC4bgWGNWsNfBwlR5322S3s0hHjznk1ZvJoPHUmJJH2l96/KzNiPU86w\ndS+YSdExRO6Q/JonJve365+JBeBUbd0WvrY0zrSTNjXuXDd/lxiStEnHDigVPllZ\nKmqDXNJ3pB6Q7k6iFJ/udtM60I2QGsDVLitUNuwnhtlmne23JEzg2JqZV4xZVKuY\nmvUFKYLTxHhCd4Gtg+wa0cEZoFB0iD7jZqvf1mMyAHb6T1UB6QKCAQEA1OQi/6dR\nxEBO/uyO1uu9U8j3eq/+YGHreKRJ44Q3syyoll5Ytl/Obj1A0c3xjqLrDy1r/iEg\n/fuE2EZ78+lBZn26fNIdnh3cwtobX7S+33ktdQG4VeHieT71cybp0AtRjGgfAJ0f\nnpgJo0mBxP39Bgg6tGFvQo5sx6AqQc3CxMI/kakqSQDDhVMelxn7ps5uRhOEzEhZ\nD901oo7vrJyhTs6Ze+DSqDBvJx+tiZSROZJQgKvmEP2sYp3JHwGxh8CmtrBRrVdR\nK/9ks5OLxmYVUekRnFc/oIAwXgpRJNrd6cgWN4b3pUaDJoxow7NrX6eBJ5rgxCRB\nH3isuBnti4hnrwKCAQEA7xGPHjPFCCzGE3cOzyQs5HkoxzxXEVxorQor5YU+K9Im\nGYuuk6dSSoxhUzCB1ljD9nvaVRlN3CPK2pLMlWuF/chA1llbRusAQE4+e1TRAN/3\nPfJAafS3L2x/VDA+OXkFxw88srFxzQ9R+omEN1YmLiHDPFNRtVBsdkKzatuQBk+A\nA/fhTK/krZzd7O3IBtsMwMWvnD1bTFA1+R87XFi9mYVDIZXP0jl/T+FuXn+0YlwG\np6kipb7XhkWwQzGxViiuEglr6Dmayj6Tq+yyttfYMMhu5ezpNDBD+jEdGGu96vEj\nvSpayNv/Xx9l/DbiPIWtfW5b6RGm//hYDriJuTZfWQKCAQEAxg8UzHmypX0awSn9\nXc/lzMwcCYUwiCSxOATIRSXd2BDFK1fM+qa5W3AbHNWXVJcXToB4hu31TrUwCzHP\n4cTxNlPkKnokWdT4bEMT0n9KUIfhFYkrIKNM2nYLTj02q3nMPW8k4KJNJ3PVC5e4\nZjfRrUn8q5I2O1pbs4C7r4qpF/qLv4z9LPvL6v7AZ90hdTd5+jHwi0kHqq2nV3vZ\nWOJDZBjrTAeGlDizQFfFUEjqrwADayIBoW8PcJPQ58rgiiZeM3poEnc4qlEpM7Qi\nBss0LIdD/gphxIVd+i9o/Huulu+yU6h6PsYR/8wDL4Z9b3lbvCfn0jLUb14KeiCN\nEhIuOwKCAQA+FSZAZptFKzNo/KMI4dESp/ASBTZrGL9KKHkLypVBlfo06hQ03d+9\n4kSn8NHW0whYqwMg1Ehm4ZidOEAOkXSjWeyUfXH5sa9IA8mwB2+bNY4kNRPLMDSe\nCSPrvfd6v1Xjwq41jWULJm5YjHucTy/tDPGBafWvCyqPb3TeTBRTvzN0VFvaqVbO\nSw1KqNkoBpyCNxQKk9hwsefCQP0OVzEte/DZ+OiWJD5OhTE/MxSp8lH8Gi0YM74O\nbWx/lpkB0eCaaH3wOX1cBfIdVIN4fgbzbCl4ZhSNa/dLMpPmspwINgTc6/HVdWQU\n1LeMTshjhSdvikgt91qR4HElqYCCa39JAoIBAAb5i6FyrPRmezTVmYKOjX6/BdEy\nOVqY3c5H9YSc6MVSKYppbLau9URR35moVhJsQUCbH2koAN+HCn3SM3Vf64/emjHP\nnxJk4XL96aSkdEq9Z/9Gq6Dkc0a8TYLu6HIwuRQ1iQnAKXStUYikOaW/7CqbV/y+\npXf3rsG69ouZ9RHthr0dfZJC764TrGbc4LCgLhE6v+cxqTsVLFNHY0ub6CaASz0L\n9qmOmDjz+taf+p8ojuW1qgvSz6Ea2zLESq3FhdIHk7WHgCs9i62Rn1wBbaPD0uaK\nYWTUWWBGJoZ76kpiXOoLpOtiGojVfF/GQWXMvtPqC1KigaUNHsFA8C+HMP4=\n-----END RSA PRIVATE KEY-----\n",
            "private_key_pem_pkcs8": "-----BEGIN PRIVATE KEY-----\nMIIJQgIBADANBgkqhkiG9w0BAQEFAASCCSwwggkoAgEAAoICAQDGz5bXjYWoZpRR\n2aOO8yZaBEgCE0j4DyLv9xS1gE0W/xyaZ15MF3U2q3CtLlMcJCIDL6YSKgbQTHgg\ngQjkgHUvk8xkbEcCi4JXDQZ6xMZbtj5cLbQWiAVsLShhrxOxxuEE6iRXzfAzqIfV\nELnOKK99jKjLy38a6hGO2G5l+isD9S30HBYKQRwR0HkiBsIwdIOferHMv72Pw/B4\n1gQeBEVocoJx39LJ0uASV4LFq1E+8EWd1MkTdEVqensP/oO3iM2QN7gYgMNIA6hT\nm6qhoSRRiy+NpDboNOL8Gc2/dIzvpM7+AWkkm+39276cxth61TpvMoRi59jfU7Pz\nXcOrJc/PGAjCgvafJ8i6NJEAmotmLKfrb6AZOLPl3LhjhLFT0LmA5CkqzxCcYAjO\nCQstXJA+REjbvvplhWcrx1QQTGv33/YyTmjqDZf5vnkgl9ee8Mr7AfS+igSnLky7\ndFU9nHyVG0aboaMUBqWVcOZdy96bGp0bzZKw+t3qiGbnx27Zw568x7tKOLrEqvmM\nk/fCO/eYP7HmD1gaICNY3BL3RWMAwdgli7KU8WyWbEdHkHhSSskT5DPdTaF2fnG/\nmiHb86lcw1s4YL3pFwIQK9ROY7fxy3go+ZRJdjeXRdO+t+oMzo9D9n6B36nbzlyI\nD6PcGZFzlfHKjFeaFqoJqHC3ds/81wIDAQABAoICACxptoBb2LZ4h/zK+ltWXURx\nvWZdSYlE1GC4GTO8wDv5bLnfirTD7sbyQJ8ngKCCP+jnTZm0MsZ4tsNIICTvv34L\n7fanK6vZX5ozyjVF3Swix8aO3TLFWzTB18oOsv8ddypCZjEJS/Y2WXXTITb5Zs7M\ny+6O/MuV66s2FV+Jpe9h58ynM5NB3VPrdwwPZ3UsqjTH041ybhX+RyuvX8cW3CyL\nnDF1N2Enzy+5xfiDn4hIY7zxCqRibpltWC2IBYPMN2PW1rT+muFtE77twQ4Pcg4X\nYl2piCySl/yKhSiWkF9+uVEMHqFzhhSWcPwT/cte9AlgRyvTMGMfj004Lpx+u2/a\nrtGUTLTG9++pdWssQ6O6wrzDbmu3eCd/tOObbtJJjJP/0PUN5MLvZ1DWRrOKp/Di\nJANcyUsBE3IKTy1uGzGVCBYYRS8QyPu5qr9i8UNzQIMILhuBYY1aw18HCVHnfbZL\nezSEePOeTVm8mg8dSYkkfaX3r8rM2I9TzrB1L5hJ0TFE7pD8micm97frn4kF4FRt\n3Ra+tjTOtJM2Ne5cN3+XGJK0SccOKBU+WVkqaoNc0nekHpDuTqIUn+520zrQjZAa\nwNUuK1Q27CeG2Wad7bckTODYmplXjFlUq5ia9QUpgtPEeEJ3ga2D7BrRwRmgUHSI\nPuNmq9/WYzIAdvpPVQHpAoIBAQDU5CL/p1HEQE7+7I7W671TyPd6r/5gYet4pEnj\nhDezLKiWXli2X85uPUDRzfGOousPLWv+ISD9+4TYRnvz6UFmfbp80h2eHdzC2htf\ntL7feS11AbhV4eJ5PvVzJunQC1GMaB8AnR+emAmjSYHE/f0GCDq0YW9CjmzHoCpB\nzcLEwj+RqSpJAMOFUx6XGfumzm5GE4TMSFkP3TWiju+snKFOzpl74NKoMG8nH62J\nlJE5klCAq+YQ/axinckfAbGHwKa2sFGtV1Er/2Szk4vGZhVR6RGcVz+ggDBeClEk\n2t3pyBY3hvelRoMmjGjDs2tfp4EnmuDEJEEfeKy4Ge2LiGevAoIBAQDvEY8eM8UI\nLMYTdw7PJCzkeSjHPFcRXGitCivlhT4r0iYZi66Tp1JKjGFTMIHWWMP2e9pVGU3c\nI8raksyVa4X9yEDWWVtG6wBATj57VNEA3/c98kBp9LcvbH9UMD45eQXHDzyysXHN\nD1H6iYQ3ViYuIcM8U1G1UGx2QrNq25AGT4AD9+FMr+StnN3s7cgG2wzAxa+cPVtM\nUDX5HztcWL2ZhUMhlc/SOX9P4W5ef7RiXAanqSKlvteGRbBDMbFWKK4SCWvoOZrK\nPpOr7LK219gwyG7l7Ok0MEP6MR0Ya73q8SO9KlrI2/9fH2X8NuI8ha19blvpEab/\n+FgOuIm5Nl9ZAoIBAQDGDxTMebKlfRrBKf1dz+XMzBwJhTCIJLE4BMhFJd3YEMUr\nV8z6prlbcBsc1ZdUlxdOgHiG7fVOtTALMc/hxPE2U+QqeiRZ1PhsQxPSf0pQh+EV\niSsgo0zadgtOPTarecw9byTgok0nc9ULl7hmN9GtSfyrkjY7WluzgLuviqkX+ou/\njP0s+8vq/sBn3SF1N3n6MfCLSQeqradXe9lY4kNkGOtMB4aUOLNAV8VQSOqvAANr\nIgGhbw9wk9DnyuCKJl4zemgSdziqUSkztCIGyzQsh0P+CmHEhV36L2j8e66W77JT\nqHo+xhH/zAMvhn1veVu8J+fSMtRvXgp6II0SEi47AoIBAD4VJkBmm0UrM2j8owjh\n0RKn8BIFNmsYv0ooeQvKlUGV+jTqFDTd373iRKfw0dbTCFirAyDUSGbhmJ04QA6R\ndKNZ7JR9cfmxr0gDybAHb5s1jiQ1E8swNJ4JI+u993q/VePCrjWNZQsmbliMe5xP\nL+0M8YFp9a8LKo9vdN5MFFO/M3RUW9qpVs5LDUqo2SgGnII3FAqT2HCx58JA/Q5X\nMS178Nn46JYkPk6FMT8zFKnyUfwaLRgzvg5tbH+WmQHR4JpoffA5fVwF8h1Ug3h+\nBvNsKXhmFI1r90syk+aynAg2BNzr8dV1ZBTUt4xOyGOFJ2+KSC33WpHgcSWpgIJr\nf0kCggEABvmLoXKs9GZ7NNWZgo6Nfr8F0TI5Wpjdzkf1hJzoxVIpimlstq71RFHf\nmahWEmxBQJsfaSgA34cKfdIzdV/rj96aMc+fEmThcv3ppKR0Sr1n/0aroORzRrxN\ngu7ocjC5FDWJCcApdK1RiKQ5pb/sKptX/L6ld/euwbr2i5n1Ee2GvR19kkLvrhOs\nZtzgsKAuETq/5zGpOxUsU0djS5voJoBLPQv2qY6YOPP61p/6nyiO5bWqC9LPoRrb\nMsRKrcWF0geTtYeAKz2LrZGfXAFto8PS5ophZNRZYEYmhnvqSmJc6guk62IaiNV8\nX8ZBZcy+0+oLUqKBpQ0ewUDwL4cw/g==\n-----END PRIVATE KEY-----\n",
            "public_key_fingerprint_md5": "33:87:c0:b3:62:31:b1:c4:09:9a:78:96:9d:1b:86:be",
            "public_key_fingerprint_sha256": "SHA256:8PNnpvqfURtqM+la0pf0Xp+a3LiaCPOclRnrNAV4cIw",
            "public_key_openssh": "ssh-rsa AAAAB3NzaC1yc2EAAAADAQABAAACAQDGz5bXjYWoZpRR2aOO8yZaBEgCE0j4DyLv9xS1gE0W/xyaZ15MF3U2q3CtLlMcJCIDL6YSKgbQTHgggQjkgHUvk8xkbEcCi4JXDQZ6xMZbtj5cLbQWiAVsLShhrxOxxuEE6iRXzfAzqIfVELnOKK99jKjLy38a6hGO2G5l+isD9S30HBYKQRwR0HkiBsIwdIOferHMv72Pw/B41gQeBEVocoJx39LJ0uASV4LFq1E+8EWd1MkTdEVqensP/oO3iM2QN7gYgMNIA6hTm6qhoSRRiy+NpDboNOL8Gc2/dIzvpM7+AWkkm+39276cxth61TpvMoRi59jfU7PzXcOrJc/PGAjCgvafJ8i6NJEAmotmLKfrb6AZOLPl3LhjhLFT0LmA5CkqzxCcYAjOCQstXJA+REjbvvplhWcrx1QQTGv33/YyTmjqDZf5vnkgl9ee8Mr7AfS+igSnLky7dFU9nHyVG0aboaMUBqWVcOZdy96bGp0bzZKw+t3qiGbnx27Zw568x7tKOLrEqvmMk/fCO/eYP7HmD1gaICNY3BL3RWMAwdgli7KU8WyWbEdHkHhSSskT5DPdTaF2fnG/miHb86lcw1s4YL3pFwIQK9ROY7fxy3go+ZRJdjeXRdO+t+oMzo9D9n6B36nbzlyID6PcGZFzlfHKjFeaFqoJqHC3ds/81w==\n",
            "public_key_pem": "-----BEGIN PUBLIC KEY-----\nMIICIjANBgkqhkiG9w0BAQEFAAOCAg8AMIICCgKCAgEAxs+W142FqGaUUdmjjvMm\nWgRIAhNI+A8i7/cUtYBNFv8cmmdeTBd1NqtwrS5THCQiAy+mEioG0Ex4IIEI5IB1\nL5PMZGxHAouCVw0GesTGW7Y+XC20FogFbC0oYa8TscbhBOokV83wM6iH1RC5ziiv\nfYyoy8t/GuoRjthuZforA/Ut9BwWCkEcEdB5IgbCMHSDn3qxzL+9j8PweNYEHgRF\naHKCcd/SydLgEleCxatRPvBFndTJE3RFanp7D/6Dt4jNkDe4GIDDSAOoU5uqoaEk\nUYsvjaQ26DTi/BnNv3SM76TO/gFpJJvt/du+nMbYetU6bzKEYufY31Oz813DqyXP\nzxgIwoL2nyfIujSRAJqLZiyn62+gGTiz5dy4Y4SxU9C5gOQpKs8QnGAIzgkLLVyQ\nPkRI2776ZYVnK8dUEExr99/2Mk5o6g2X+b55IJfXnvDK+wH0vooEpy5Mu3RVPZx8\nlRtGm6GjFAallXDmXcvemxqdG82SsPrd6ohm58du2cOevMe7Sji6xKr5jJP3wjv3\nmD+x5g9YGiAjWNwS90VjAMHYJYuylPFslmxHR5B4UkrJE+Qz3U2hdn5xv5oh2/Op\nXMNbOGC96RcCECvUTmO38ct4KPmUSXY3l0XTvrfqDM6PQ/Z+gd+p285ciA+j3BmR\nc5XxyoxXmhaqCahwt3bP/NcCAwEAAQ==\n-----END PUBLIC KEY-----\n",
            "rsa_bits": 4096
          },
          "sensitive_attributes": [
            [
              {
                "type": "get_attr",
                "value": "private_key_openssh"
              }
            ],
            [
              {
                "type": "get_attr",
                "value": "private_key_pem"
              }
            ],
            [
              {
                "type": "get_attr",
                "value": "private_key_pem_pkcs8"
              }
            ]
          ],
          "identity_schema_version": 0
        }
      ]
    },
    {
      "module": "module.ecr",
      "mode": "managed",
      "type": "aws_ecr_repository",
      "name": "this",
      "provider": "provider[\"registry.terraform.io/hashicorp/aws\"]",
      "instances": [
        {
          "schema_version": 0,
          "attributes": {
            "arn": "arn:aws:ecr:ap-south-1:413800980726:repository/osia-app-repo",
            "encryption_configuration": [
              {
                "encryption_type": "AES256",
                "kms_key": ""
              }
            ],
            "force_delete": null,
            "id": "osia-app-repo",
            "image_scanning_configuration": [
              {
                "scan_on_push": true
              }
            ],
            "image_tag_mutability": "IMMUTABLE",
            "name": "osia-app-repo",
            "registry_id": "413800980726",
            "repository_url": "413800980726.dkr.ecr.ap-south-1.amazonaws.com/osia-app-repo",
            "tags": {
              "Owner": "Random",
              "Project": "osiav1"
            },
            "tags_all": {
              "Owner": "Random",
              "Project": "osiav1"
            },
            "timeouts": null
          },
          "sensitive_attributes": [],
          "identity_schema_version": 0,
          "private": "eyJlMmJmYjczMC1lY2FhLTExZTYtOGY4OC0zNDM2M2JjN2M0YzAiOnsiZGVsZXRlIjoxMjAwMDAwMDAwMDAwfX0="
        }
      ]
    },
    {
      "module": "module.rds",
      "mode": "managed",
      "type": "aws_db_subnet_group",
      "name": "this",
      "provider": "provider[\"registry.terraform.io/hashicorp/aws\"]",
      "instances": [
        {
          "schema_version": 0,
          "attributes": {
            "arn": "arn:aws:rds:ap-south-1:413800980726:subgrp:osia-aurora-cluster-subnet-group",
            "description": "Managed by Terraform",
            "id": "osia-aurora-cluster-subnet-group",
            "name": "osia-aurora-cluster-subnet-group",
            "name_prefix": "",
            "subnet_ids": [
              "subnet-082ebc0aad24820eb",
              "subnet-0e4744ff622874891"
            ],
            "supported_network_types": [
              "IPV4"
            ],
            "tags": {
              "Owner": "Random",
              "Project": "osiav1"
            },
            "tags_all": {
              "Owner": "Random",
              "Project": "osiav1"
            },
            "vpc_id": "vpc-024dff215f143950f"
          },
          "sensitive_attributes": [],
          "identity_schema_version": 0,
          "private": "bnVsbA==",
          "dependencies": [
            "module.vpc.aws_subnet.private",
            "module.vpc.aws_vpc.this"
          ]
        }
      ]
    },
    {
      "module": "module.rds",
      "mode": "managed",
      "type": "aws_rds_cluster",
      "name": "this",
      "provider": "provider[\"registry.terraform.io/hashicorp/aws\"]",
      "instances": [
        {
          "schema_version": 1,
          "attributes": {
            "allocated_storage": 1,
            "allow_major_version_upgrade": null,
            "apply_immediately": null,
            "arn": "arn:aws:rds:ap-south-1:413800980726:cluster:osia-aurora-cluster",
            "availability_zones": [
              "ap-south-1a",
              "ap-south-1b",
              "ap-south-1c"
            ],
            "backtrack_window": 0,
            "backup_retention_period": 1,
            "ca_certificate_identifier": null,
            "ca_certificate_valid_till": null,
            "cluster_identifier": "osia-aurora-cluster",
            "cluster_identifier_prefix": "",
            "cluster_members": [
              "osia-aurora-cluster-reader",
              "osia-aurora-cluster-writer"
            ],
            "cluster_resource_id": "cluster-ZXPL6ASEPNVIUI6EBLWCP2N6WE",
            "cluster_scalability_type": "",
            "copy_tags_to_snapshot": false,
            "database_insights_mode": "standard",
            "database_name": "osiav1db",
            "db_cluster_instance_class": "",
            "db_cluster_parameter_group_name": "default.aurora-postgresql15",
            "db_instance_parameter_group_name": null,
            "db_subnet_group_name": "osia-aurora-cluster-subnet-group",
            "db_system_id": "",
            "delete_automated_backups": true,
            "deletion_protection": false,
            "domain": "",
            "domain_iam_role_name": "",
            "enable_global_write_forwarding": false,
            "enable_http_endpoint": false,
            "enable_local_write_forwarding": false,
            "enabled_cloudwatch_logs_exports": [],
            "endpoint": "osia-aurora-cluster.cluster-cjeagcm2ejhs.ap-south-1.rds.amazonaws.com",
            "engine": "aurora-postgresql",
            "engine_lifecycle_support": "open-source-rds-extended-support",
            "engine_mode": "provisioned",
            "engine_version": "15.3",
            "engine_version_actual": "15.3",
            "final_snapshot_identifier": null,
            "global_cluster_identifier": "",
            "hosted_zone_id": "Z2VFMSZA74J7XZ",
            "iam_database_authentication_enabled": false,
            "iam_roles": [],
            "id": "osia-aurora-cluster",
            "iops": 0,
            "kms_key_id": "",
            "manage_master_user_password": null,
            "master_password": "SuperSecretPass123",
            "master_password_wo": null,
            "master_password_wo_version": null,
            "master_user_secret": [],
            "master_user_secret_kms_key_id": null,
            "master_username": "adminuser",
            "monitoring_interval": 0,
            "monitoring_role_arn": "",
            "network_type": "IPV4",
            "performance_insights_enabled": false,
            "performance_insights_kms_key_id": "",
            "performance_insights_retention_period": 0,
            "port": 5432,
            "preferred_backup_window": "22:18-22:48",
            "preferred_maintenance_window": "tue:06:26-tue:06:56",
            "reader_endpoint": "osia-aurora-cluster.cluster-ro-cjeagcm2ejhs.ap-south-1.rds.amazonaws.com",
            "replication_source_identifier": "",
            "restore_to_point_in_time": [],
            "s3_import": [],
            "scaling_configuration": [],
            "serverlessv2_scaling_configuration": [],
            "skip_final_snapshot": true,
            "snapshot_identifier": null,
            "source_region": null,
            "storage_encrypted": false,
            "storage_type": "",
            "tags": {
              "Owner": "Random",
              "Project": "osiav1"
            },
            "tags_all": {
              "Owner": "Random",
              "Project": "osiav1"
            },
            "timeouts": null,
            "vpc_security_group_ids": [
              "sg-00a62b801f5579ac3"
            ]
          },
          "sensitive_attributes": [
            [
              {
                "type": "get_attr",
                "value": "master_password"
              }
            ],
            [
              {
                "type": "get_attr",
                "value": "master_password_wo"
              }
            ]
          ],
          "identity_schema_version": 0,
          "private": "eyJlMmJmYjczMC1lY2FhLTExZTYtOGY4OC0zNDM2M2JjN2M0YzAiOnsiY3JlYXRlIjo3MjAwMDAwMDAwMDAwLCJkZWxldGUiOjcyMDAwMDAwMDAwMDAsInVwZGF0ZSI6NzIwMDAwMDAwMDAwMH0sInNjaGVtYV92ZXJzaW9uIjoiMSJ9",
          "dependencies": [
            "module.rds.aws_db_subnet_group.this",
            "module.security_group.aws_security_group.this",
            "module.vpc.aws_subnet.private",
            "module.vpc.aws_vpc.this"
          ]
        }
      ]
    },
    {
      "module": "module.rds",
      "mode": "managed",
      "type": "aws_rds_cluster_instance",
      "name": "reader",
      "provider": "provider[\"registry.terraform.io/hashicorp/aws\"]",
      "instances": [
        {
          "schema_version": 0,
          "attributes": {
            "apply_immediately": null,
            "arn": "arn:aws:rds:ap-south-1:413800980726:db:osia-aurora-cluster-reader",
            "auto_minor_version_upgrade": true,
            "availability_zone": "ap-south-1a",
            "ca_cert_identifier": "rds-ca-rsa2048-g1",
            "cluster_identifier": "osia-aurora-cluster",
            "copy_tags_to_snapshot": false,
            "custom_iam_instance_profile": "",
            "db_parameter_group_name": "default.aurora-postgresql15",
            "db_subnet_group_name": "osia-aurora-cluster-subnet-group",
            "dbi_resource_id": "db-XAQC5MIKOAY534ZGLIEKB72BFE",
            "endpoint": "osia-aurora-cluster-reader.cjeagcm2ejhs.ap-south-1.rds.amazonaws.com",
            "engine": "aurora-postgresql",
            "engine_version": "15.3",
            "engine_version_actual": "15.3",
            "force_destroy": false,
            "id": "osia-aurora-cluster-reader",
            "identifier": "osia-aurora-cluster-reader",
            "identifier_prefix": "",
            "instance_class": "db.r6g.large",
            "kms_key_id": "",
            "monitoring_interval": 0,
            "monitoring_role_arn": "",
            "network_type": "IPV4",
            "performance_insights_enabled": false,
            "performance_insights_kms_key_id": "",
            "performance_insights_retention_period": 0,
            "port": 5432,
            "preferred_backup_window": "22:18-22:48",
            "preferred_maintenance_window": "sat:11:00-sat:11:30",
            "promotion_tier": 0,
            "publicly_accessible": false,
            "storage_encrypted": false,
            "tags": {},
            "tags_all": {},
            "timeouts": null,
            "writer": false
          },
          "sensitive_attributes": [],
          "identity_schema_version": 0,
          "private": "eyJlMmJmYjczMC1lY2FhLTExZTYtOGY4OC0zNDM2M2JjN2M0YzAiOnsiY3JlYXRlIjo1NDAwMDAwMDAwMDAwLCJkZWxldGUiOjU0MDAwMDAwMDAwMDAsInVwZGF0ZSI6NTQwMDAwMDAwMDAwMH19",
          "dependencies": [
            "module.rds.aws_db_subnet_group.this",
            "module.rds.aws_rds_cluster.this",
            "module.security_group.aws_security_group.this",
            "module.vpc.aws_subnet.private",
            "module.vpc.aws_vpc.this"
          ]
        }
      ]
    },
    {
      "module": "module.rds",
      "mode": "managed",
      "type": "aws_rds_cluster_instance",
      "name": "writer",
      "provider": "provider[\"registry.terraform.io/hashicorp/aws\"]",
      "instances": [
        {
          "schema_version": 0,
          "attributes": {
            "apply_immediately": null,
            "arn": "arn:aws:rds:ap-south-1:413800980726:db:osia-aurora-cluster-writer",
            "auto_minor_version_upgrade": true,
            "availability_zone": "ap-south-1b",
            "ca_cert_identifier": "rds-ca-rsa2048-g1",
            "cluster_identifier": "osia-aurora-cluster",
            "copy_tags_to_snapshot": false,
            "custom_iam_instance_profile": "",
            "db_parameter_group_name": "default.aurora-postgresql15",
            "db_subnet_group_name": "osia-aurora-cluster-subnet-group",
            "dbi_resource_id": "db-CQ5DPDSCV7532UL3YVUVJ74IHI",
            "endpoint": "osia-aurora-cluster-writer.cjeagcm2ejhs.ap-south-1.rds.amazonaws.com",
            "engine": "aurora-postgresql",
            "engine_version": "15.3",
            "engine_version_actual": "15.3",
            "force_destroy": false,
            "id": "osia-aurora-cluster-writer",
            "identifier": "osia-aurora-cluster-writer",
            "identifier_prefix": "",
            "instance_class": "db.r6g.large",
            "kms_key_id": "",
            "monitoring_interval": 0,
            "monitoring_role_arn": "",
            "network_type": "IPV4",
            "performance_insights_enabled": false,
            "performance_insights_kms_key_id": "",
            "performance_insights_retention_period": 0,
            "port": 5432,
            "preferred_backup_window": "22:18-22:48",
            "preferred_maintenance_window": "tue:12:14-tue:12:44",
            "promotion_tier": 0,
            "publicly_accessible": false,
            "storage_encrypted": false,
            "tags": {},
            "tags_all": {},
            "timeouts": null,
            "writer": true
          },
          "sensitive_attributes": [],
          "identity_schema_version": 0,
          "private": "eyJlMmJmYjczMC1lY2FhLTExZTYtOGY4OC0zNDM2M2JjN2M0YzAiOnsiY3JlYXRlIjo1NDAwMDAwMDAwMDAwLCJkZWxldGUiOjU0MDAwMDAwMDAwMDAsInVwZGF0ZSI6NTQwMDAwMDAwMDAwMH19",
          "dependencies": [
            "module.rds.aws_db_subnet_group.this",
            "module.rds.aws_rds_cluster.this",
            "module.security_group.aws_security_group.this",
            "module.vpc.aws_subnet.private",
            "module.vpc.aws_vpc.this"
          ]
        }
      ]
    },
    {
      "module": "module.security_group",
      "mode": "managed",
      "type": "aws_security_group",
      "name": "this",
      "provider": "provider[\"registry.terraform.io/hashicorp/aws\"]",
      "instances": [
        {
          "index_key": "bastion-sg",
          "schema_version": 1,
          "attributes": {
            "arn": "arn:aws:ec2:ap-south-1:413800980726:security-group/sg-0c4b685bab72df02b",
            "description": "Allow SSH from my public IP",
            "egress": [
              {
                "cidr_blocks": [
                  "0.0.0.0/0"
                ],
                "description": "",
                "from_port": 0,
                "ipv6_cidr_blocks": [],
                "prefix_list_ids": [],
                "protocol": "-1",
                "security_groups": [],
                "self": false,
                "to_port": 0
              }
            ],
            "id": "sg-0c4b685bab72df02b",
            "ingress": [
              {
                "cidr_blocks": [
                  "103.135.62.208/32"
                ],
                "description": "",
                "from_port": 22,
                "ipv6_cidr_blocks": [],
                "prefix_list_ids": [],
                "protocol": "tcp",
                "security_groups": [],
                "self": false,
                "to_port": 22
              }
            ],
            "name": "bastion-sg",
            "name_prefix": "",
            "owner_id": "413800980726",
            "revoke_rules_on_delete": false,
            "tags": {
              "Name": "bastion-sg",
              "Owner": "Random",
              "Project": "osiav1"
            },
            "tags_all": {
              "Name": "bastion-sg",
              "Owner": "Random",
              "Project": "osiav1"
            },
            "timeouts": null,
            "vpc_id": "vpc-024dff215f143950f"
          },
          "sensitive_attributes": [],
          "identity_schema_version": 0,
          "private": "eyJlMmJmYjczMC1lY2FhLTExZTYtOGY4OC0zNDM2M2JjN2M0YzAiOnsiY3JlYXRlIjo2MDAwMDAwMDAwMDAsImRlbGV0ZSI6OTAwMDAwMDAwMDAwfSwic2NoZW1hX3ZlcnNpb24iOiIxIn0=",
          "dependencies": [
            "module.vpc.aws_vpc.this"
          ]
        },
        {
          "index_key": "db-sg",
          "schema_version": 1,
          "attributes": {
            "arn": "arn:aws:ec2:ap-south-1:413800980726:security-group/sg-00a62b801f5579ac3",
            "description": "Allow MySQL only from web SG",
            "egress": [
              {
                "cidr_blocks": [
                  "0.0.0.0/0"
                ],
                "description": "",
                "from_port": 0,
                "ipv6_cidr_blocks": [],
                "prefix_list_ids": [],
                "protocol": "-1",
                "security_groups": [],
                "self": false,
                "to_port": 0
              }
            ],
            "id": "sg-00a62b801f5579ac3",
            "ingress": [
              {
                "cidr_blocks": [],
                "description": "",
                "from_port": 3306,
                "ipv6_cidr_blocks": [],
                "prefix_list_ids": [],
                "protocol": "tcp",
                "security_groups": [
                  "sg-0533b0c1e9f0d4e1b",
                  "sg-0eadc8e661ea8c7cc"
                ],
                "self": false,
                "to_port": 3306
              }
            ],
            "name": "db-sg",
            "name_prefix": "",
            "owner_id": "413800980726",
            "revoke_rules_on_delete": false,
            "tags": {
              "Name": "db-sg",
              "Owner": "Random",
              "Project": "osiav1"
            },
            "tags_all": {
              "Name": "db-sg",
              "Owner": "Random",
              "Project": "osiav1"
            },
            "timeouts": null,
            "vpc_id": "vpc-024dff215f143950f"
          },
          "sensitive_attributes": [],
          "identity_schema_version": 0,
          "private": "eyJlMmJmYjczMC1lY2FhLTExZTYtOGY4OC0zNDM2M2JjN2M0YzAiOnsiY3JlYXRlIjo2MDAwMDAwMDAwMDAsImRlbGV0ZSI6OTAwMDAwMDAwMDAwfSwic2NoZW1hX3ZlcnNpb24iOiIxIn0=",
          "dependencies": [
            "module.vpc.aws_vpc.this"
          ]
        },
        {
          "index_key": "private-ec2-sg",
          "schema_version": 1,
          "attributes": {
            "arn": "arn:aws:ec2:ap-south-1:413800980726:security-group/sg-0533b0c1e9f0d4e1b",
            "description": "Allow all traffic from DB SG",
            "egress": [
              {
                "cidr_blocks": [
                  "0.0.0.0/0"
                ],
                "description": "",
                "from_port": 0,
                "ipv6_cidr_blocks": [],
                "prefix_list_ids": [],
                "protocol": "-1",
                "security_groups": [],
                "self": false,
                "to_port": 0
              }
            ],
            "id": "sg-0533b0c1e9f0d4e1b",
            "ingress": [
              {
                "cidr_blocks": [],
                "description": "",
                "from_port": 0,
                "ipv6_cidr_blocks": [],
                "prefix_list_ids": [],
                "protocol": "-1",
                "security_groups": [
                  "sg-00a62b801f5579ac3"
                ],
                "self": false,
                "to_port": 0
              },
              {
                "cidr_blocks": [],
                "description": "",
                "from_port": 22,
                "ipv6_cidr_blocks": [],
                "prefix_list_ids": [],
                "protocol": "tcp",
                "security_groups": [
                  "sg-0c4b685bab72df02b"
                ],
                "self": false,
                "to_port": 22
              }
            ],
            "name": "private-ec2-sg",
            "name_prefix": "",
            "owner_id": "413800980726",
            "revoke_rules_on_delete": false,
            "tags": {
              "Name": "private-ec2-sg",
              "Owner": "Random",
              "Project": "osiav1"
            },
            "tags_all": {
              "Name": "private-ec2-sg",
              "Owner": "Random",
              "Project": "osiav1"
            },
            "timeouts": null,
            "vpc_id": "vpc-024dff215f143950f"
          },
          "sensitive_attributes": [],
          "identity_schema_version": 0,
          "private": "eyJlMmJmYjczMC1lY2FhLTExZTYtOGY4OC0zNDM2M2JjN2M0YzAiOnsiY3JlYXRlIjo2MDAwMDAwMDAwMDAsImRlbGV0ZSI6OTAwMDAwMDAwMDAwfSwic2NoZW1hX3ZlcnNpb24iOiIxIn0=",
          "dependencies": [
            "module.vpc.aws_vpc.this"
          ]
        },
        {
          "index_key": "web-sg",
          "schema_version": 1,
          "attributes": {
            "arn": "arn:aws:ec2:ap-south-1:413800980726:security-group/sg-0eadc8e661ea8c7cc",
            "description": "Allow web traffic",
            "egress": [
              {
                "cidr_blocks": [
                  "0.0.0.0/0"
                ],
                "description": "",
                "from_port": 0,
                "ipv6_cidr_blocks": [],
                "prefix_list_ids": [],
                "protocol": "-1",
                "security_groups": [],
                "self": false,
                "to_port": 0
              }
            ],
            "id": "sg-0eadc8e661ea8c7cc",
            "ingress": [
              {
                "cidr_blocks": [
                  "0.0.0.0/0"
                ],
                "description": "",
                "from_port": 22,
                "ipv6_cidr_blocks": [],
                "prefix_list_ids": [],
                "protocol": "tcp",
                "security_groups": [],
                "self": false,
                "to_port": 22
              },
              {
                "cidr_blocks": [
                  "0.0.0.0/0"
                ],
                "description": "",
                "from_port": 443,
                "ipv6_cidr_blocks": [],
                "prefix_list_ids": [],
                "protocol": "tcp",
                "security_groups": [],
                "self": false,
                "to_port": 443
              },
              {
                "cidr_blocks": [
                  "0.0.0.0/0"
                ],
                "description": "",
                "from_port": 80,
                "ipv6_cidr_blocks": [],
                "prefix_list_ids": [],
                "protocol": "tcp",
                "security_groups": [],
                "self": false,
                "to_port": 80
              }
            ],
            "name": "web-sg",
            "name_prefix": "",
            "owner_id": "413800980726",
            "revoke_rules_on_delete": false,
            "tags": {
              "Name": "web-sg",
              "Owner": "Random",
              "Project": "osiav1"
            },
            "tags_all": {
              "Name": "web-sg",
              "Owner": "Random",
              "Project": "osiav1"
            },
            "timeouts": null,
            "vpc_id": "vpc-024dff215f143950f"
          },
          "sensitive_attributes": [],
          "identity_schema_version": 0,
          "private": "eyJlMmJmYjczMC1lY2FhLTExZTYtOGY4OC0zNDM2M2JjN2M0YzAiOnsiY3JlYXRlIjo2MDAwMDAwMDAwMDAsImRlbGV0ZSI6OTAwMDAwMDAwMDAwfSwic2NoZW1hX3ZlcnNpb24iOiIxIn0=",
          "dependencies": [
            "module.vpc.aws_vpc.this"
          ]
        }
      ]
    },
    {
      "module": "module.security_group",
      "mode": "managed",
      "type": "aws_security_group_rule",
      "name": "egress",
      "provider": "provider[\"registry.terraform.io/hashicorp/aws\"]",
      "instances": [
        {
          "index_key": "bastion-sg-2",
          "schema_version": 2,
          "attributes": {
            "cidr_blocks": [
              "0.0.0.0/0"
            ],
            "description": null,
            "from_port": 0,
            "id": "sgrule-3433847232",
            "ipv6_cidr_blocks": null,
            "prefix_list_ids": null,
            "protocol": "-1",
            "security_group_id": "sg-0c4b685bab72df02b",
            "security_group_rule_id": "sgr-0add49cb442b61ac2",
            "self": false,
            "source_security_group_id": null,
            "timeouts": null,
            "to_port": 0,
            "type": "egress"
          },
          "sensitive_attributes": [],
          "identity_schema_version": 0,
          "private": "eyJlMmJmYjczMC1lY2FhLTExZTYtOGY4OC0zNDM2M2JjN2M0YzAiOnsiY3JlYXRlIjozMDAwMDAwMDAwMDB9LCJzY2hlbWFfdmVyc2lvbiI6IjIifQ==",
          "dependencies": [
            "module.security_group.aws_security_group.this",
            "module.vpc.aws_vpc.this"
          ]
        },
        {
          "index_key": "db-sg-1",
          "schema_version": 2,
          "attributes": {
            "cidr_blocks": [
              "0.0.0.0/0"
            ],
            "description": null,
            "from_port": 0,
            "id": "sgrule-3211067767",
            "ipv6_cidr_blocks": null,
            "prefix_list_ids": null,
            "protocol": "-1",
            "security_group_id": "sg-00a62b801f5579ac3",
            "security_group_rule_id": "sgr-05212520332dad863",
            "self": false,
            "source_security_group_id": null,
            "timeouts": null,
            "to_port": 0,
            "type": "egress"
          },
          "sensitive_attributes": [],
          "identity_schema_version": 0,
          "private": "eyJlMmJmYjczMC1lY2FhLTExZTYtOGY4OC0zNDM2M2JjN2M0YzAiOnsiY3JlYXRlIjozMDAwMDAwMDAwMDB9LCJzY2hlbWFfdmVyc2lvbiI6IjIifQ==",
          "dependencies": [
            "module.security_group.aws_security_group.this",
            "module.vpc.aws_vpc.this"
          ]
        },
        {
          "index_key": "private-ec2-sg-3",
          "schema_version": 2,
          "attributes": {
            "cidr_blocks": [
              "0.0.0.0/0"
            ],
            "description": null,
            "from_port": 0,
            "id": "sgrule-4222586182",
            "ipv6_cidr_blocks": null,
            "prefix_list_ids": null,
            "protocol": "-1",
            "security_group_id": "sg-0533b0c1e9f0d4e1b",
            "security_group_rule_id": "sgr-02fedbd548a62e4e0",
            "self": false,
            "source_security_group_id": null,
            "timeouts": null,
            "to_port": 0,
            "type": "egress"
          },
          "sensitive_attributes": [],
          "identity_schema_version": 0,
          "private": "eyJlMmJmYjczMC1lY2FhLTExZTYtOGY4OC0zNDM2M2JjN2M0YzAiOnsiY3JlYXRlIjozMDAwMDAwMDAwMDB9LCJzY2hlbWFfdmVyc2lvbiI6IjIifQ==",
          "dependencies": [
            "module.security_group.aws_security_group.this",
            "module.vpc.aws_vpc.this"
          ]
        },
        {
          "index_key": "web-sg-0",
          "schema_version": 2,
          "attributes": {
            "cidr_blocks": [
              "0.0.0.0/0"
            ],
            "description": null,
            "from_port": 0,
            "id": "sgrule-949034738",
            "ipv6_cidr_blocks": null,
            "prefix_list_ids": null,
            "protocol": "-1",
            "security_group_id": "sg-0eadc8e661ea8c7cc",
            "security_group_rule_id": "sgr-05d3426f622729061",
            "self": false,
            "source_security_group_id": null,
            "timeouts": null,
            "to_port": 0,
            "type": "egress"
          },
          "sensitive_attributes": [],
          "identity_schema_version": 0,
          "private": "eyJlMmJmYjczMC1lY2FhLTExZTYtOGY4OC0zNDM2M2JjN2M0YzAiOnsiY3JlYXRlIjozMDAwMDAwMDAwMDB9LCJzY2hlbWFfdmVyc2lvbiI6IjIifQ==",
          "dependencies": [
            "module.security_group.aws_security_group.this",
            "module.vpc.aws_vpc.this"
          ]
        }
      ]
    },
    {
      "module": "module.security_group",
      "mode": "managed",
      "type": "aws_security_group_rule",
      "name": "ingress",
      "provider": "provider[\"registry.terraform.io/hashicorp/aws\"]",
      "instances": [
        {
          "index_key": "bastion-sg-5",
          "schema_version": 2,
          "attributes": {
            "cidr_blocks": [
              "103.135.62.208/32"
            ],
            "description": null,
            "from_port": 22,
            "id": "sgrule-3645864078",
            "ipv6_cidr_blocks": null,
            "prefix_list_ids": null,
            "protocol": "tcp",
            "security_group_id": "sg-0c4b685bab72df02b",
            "security_group_rule_id": "sgr-0d5ff367653f70991",
            "self": false,
            "source_security_group_id": null,
            "timeouts": null,
            "to_port": 22,
            "type": "ingress"
          },
          "sensitive_attributes": [],
          "identity_schema_version": 0,
          "private": "eyJlMmJmYjczMC1lY2FhLTExZTYtOGY4OC0zNDM2M2JjN2M0YzAiOnsiY3JlYXRlIjozMDAwMDAwMDAwMDB9LCJzY2hlbWFfdmVyc2lvbiI6IjIifQ==",
          "dependencies": [
            "module.security_group.aws_security_group.this",
            "module.vpc.aws_vpc.this"
          ]
        },
        {
          "index_key": "db-sg-3",
          "schema_version": 2,
          "attributes": {
            "cidr_blocks": null,
            "description": null,
            "from_port": 3306,
            "id": "sgrule-1314348240",
            "ipv6_cidr_blocks": null,
            "prefix_list_ids": null,
            "protocol": "tcp",
            "security_group_id": "sg-00a62b801f5579ac3",
            "security_group_rule_id": "sgr-088ee5fdc4a13a5cd",
            "self": false,
            "source_security_group_id": "sg-0eadc8e661ea8c7cc",
            "timeouts": null,
            "to_port": 3306,
            "type": "ingress"
          },
          "sensitive_attributes": [],
          "identity_schema_version": 0,
          "private": "eyJlMmJmYjczMC1lY2FhLTExZTYtOGY4OC0zNDM2M2JjN2M0YzAiOnsiY3JlYXRlIjozMDAwMDAwMDAwMDB9LCJzY2hlbWFfdmVyc2lvbiI6IjIifQ==",
          "dependencies": [
            "module.security_group.aws_security_group.this",
            "module.vpc.aws_vpc.this"
          ]
        },
        {
          "index_key": "db-sg-4",
          "schema_version": 2,
          "attributes": {
            "cidr_blocks": null,
            "description": null,
            "from_port": 3306,
            "id": "sgrule-2857132302",
            "ipv6_cidr_blocks": null,
            "prefix_list_ids": null,
            "protocol": "tcp",
            "security_group_id": "sg-00a62b801f5579ac3",
            "security_group_rule_id": "sgr-04deb6a5bf020fa57",
            "self": false,
            "source_security_group_id": "sg-0533b0c1e9f0d4e1b",
            "timeouts": null,
            "to_port": 3306,
            "type": "ingress"
          },
          "sensitive_attributes": [],
          "identity_schema_version": 0,
          "private": "eyJlMmJmYjczMC1lY2FhLTExZTYtOGY4OC0zNDM2M2JjN2M0YzAiOnsiY3JlYXRlIjozMDAwMDAwMDAwMDB9LCJzY2hlbWFfdmVyc2lvbiI6IjIifQ==",
          "dependencies": [
            "module.security_group.aws_security_group.this",
            "module.vpc.aws_vpc.this"
          ]
        },
        {
          "index_key": "private-ec2-sg-6",
          "schema_version": 2,
          "attributes": {
            "cidr_blocks": null,
            "description": null,
            "from_port": 0,
            "id": "sgrule-94189250",
            "ipv6_cidr_blocks": null,
            "prefix_list_ids": null,
            "protocol": "-1",
            "security_group_id": "sg-0533b0c1e9f0d4e1b",
            "security_group_rule_id": "sgr-0e32d79f5ed29f382",
            "self": false,
            "source_security_group_id": "sg-00a62b801f5579ac3",
            "timeouts": null,
            "to_port": 0,
            "type": "ingress"
          },
          "sensitive_attributes": [],
          "identity_schema_version": 0,
          "private": "eyJlMmJmYjczMC1lY2FhLTExZTYtOGY4OC0zNDM2M2JjN2M0YzAiOnsiY3JlYXRlIjozMDAwMDAwMDAwMDB9LCJzY2hlbWFfdmVyc2lvbiI6IjIifQ==",
          "dependencies": [
            "module.security_group.aws_security_group.this",
            "module.vpc.aws_vpc.this"
          ]
        },
        {
          "index_key": "private-ec2-sg-7",
          "schema_version": 2,
          "attributes": {
            "cidr_blocks": null,
            "description": null,
            "from_port": 22,
            "id": "sgrule-4139066867",
            "ipv6_cidr_blocks": null,
            "prefix_list_ids": null,
            "protocol": "tcp",
            "security_group_id": "sg-0533b0c1e9f0d4e1b",
            "security_group_rule_id": "sgr-06e1b77dfe664f977",
            "self": false,
            "source_security_group_id": "sg-0c4b685bab72df02b",
            "timeouts": null,
            "to_port": 22,
            "type": "ingress"
          },
          "sensitive_attributes": [],
          "identity_schema_version": 0,
          "private": "eyJlMmJmYjczMC1lY2FhLTExZTYtOGY4OC0zNDM2M2JjN2M0YzAiOnsiY3JlYXRlIjozMDAwMDAwMDAwMDB9LCJzY2hlbWFfdmVyc2lvbiI6IjIifQ==",
          "dependencies": [
            "module.security_group.aws_security_group.this",
            "module.vpc.aws_vpc.this"
          ]
        },
        {
          "index_key": "web-sg-0",
          "schema_version": 2,
          "attributes": {
            "cidr_blocks": [
              "0.0.0.0/0"
            ],
            "description": null,
            "from_port": 22,
            "id": "sgrule-2156780427",
            "ipv6_cidr_blocks": null,
            "prefix_list_ids": null,
            "protocol": "tcp",
            "security_group_id": "sg-0eadc8e661ea8c7cc",
            "security_group_rule_id": "sgr-0fab7f1514c3e1260",
            "self": false,
            "source_security_group_id": null,
            "timeouts": null,
            "to_port": 22,
            "type": "ingress"
          },
          "sensitive_attributes": [],
          "identity_schema_version": 0,
          "private": "eyJlMmJmYjczMC1lY2FhLTExZTYtOGY4OC0zNDM2M2JjN2M0YzAiOnsiY3JlYXRlIjozMDAwMDAwMDAwMDB9LCJzY2hlbWFfdmVyc2lvbiI6IjIifQ==",
          "dependencies": [
            "module.security_group.aws_security_group.this",
            "module.vpc.aws_vpc.this"
          ]
        },
        {
          "index_key": "web-sg-1",
          "schema_version": 2,
          "attributes": {
            "cidr_blocks": [
              "0.0.0.0/0"
            ],
            "description": null,
            "from_port": 80,
            "id": "sgrule-906462782",
            "ipv6_cidr_blocks": null,
            "prefix_list_ids": null,
            "protocol": "tcp",
            "security_group_id": "sg-0eadc8e661ea8c7cc",
            "security_group_rule_id": "sgr-0137321784e2cfba7",
            "self": false,
            "source_security_group_id": null,
            "timeouts": null,
            "to_port": 80,
            "type": "ingress"
          },
          "sensitive_attributes": [],
          "identity_schema_version": 0,
          "private": "eyJlMmJmYjczMC1lY2FhLTExZTYtOGY4OC0zNDM2M2JjN2M0YzAiOnsiY3JlYXRlIjozMDAwMDAwMDAwMDB9LCJzY2hlbWFfdmVyc2lvbiI6IjIifQ==",
          "dependencies": [
            "module.security_group.aws_security_group.this",
            "module.vpc.aws_vpc.this"
          ]
        },
        {
          "index_key": "web-sg-2",
          "schema_version": 2,
          "attributes": {
            "cidr_blocks": [
              "0.0.0.0/0"
            ],
            "description": null,
            "from_port": 443,
            "id": "sgrule-3812452765",
            "ipv6_cidr_blocks": null,
            "prefix_list_ids": null,
            "protocol": "tcp",
            "security_group_id": "sg-0eadc8e661ea8c7cc",
            "security_group_rule_id": "sgr-042ff93ff31b83729",
            "self": false,
            "source_security_group_id": null,
            "timeouts": null,
            "to_port": 443,
            "type": "ingress"
          },
          "sensitive_attributes": [],
          "identity_schema_version": 0,
          "private": "eyJlMmJmYjczMC1lY2FhLTExZTYtOGY4OC0zNDM2M2JjN2M0YzAiOnsiY3JlYXRlIjozMDAwMDAwMDAwMDB9LCJzY2hlbWFfdmVyc2lvbiI6IjIifQ==",
          "dependencies": [
            "module.security_group.aws_security_group.this",
            "module.vpc.aws_vpc.this"
          ]
        }
      ]
    },
    {
      "module": "module.vpc",
      "mode": "managed",
      "type": "aws_eip",
      "name": "nat",
      "provider": "provider[\"registry.terraform.io/hashicorp/aws\"]",
      "instances": [
        {
          "schema_version": 0,
          "attributes": {
            "address": null,
            "allocation_id": "eipalloc-0794b7de313c9e589",
            "arn": "arn:aws:ec2:ap-south-1:413800980726:elastic-ip/eipalloc-0794b7de313c9e589",
            "associate_with_private_ip": null,
            "association_id": "eipassoc-008d4b0554249c363",
            "carrier_ip": "",
            "customer_owned_ip": "",
            "customer_owned_ipv4_pool": "",
            "domain": "vpc",
            "id": "eipalloc-0794b7de313c9e589",
            "instance": "",
            "ipam_pool_id": null,
            "network_border_group": "ap-south-1",
            "network_interface": "eni-0d4265321415e3f86",
            "private_dns": "ip-10-0-1-177.ap-south-1.compute.internal",
            "private_ip": "10.0.1.177",
            "ptr_record": "",
            "public_dns": "ec2-13-234-70-149.ap-south-1.compute.amazonaws.com",
            "public_ip": "13.234.70.149",
            "public_ipv4_pool": "amazon",
            "tags": {
              "Name": "osiav1-vpc-nat",
              "Owner": "Random",
              "Project": "osiav1"
            },
            "tags_all": {
              "Name": "osiav1-vpc-nat",
              "Owner": "Random",
              "Project": "osiav1"
            },
            "timeouts": null,
            "vpc": true
          },
          "sensitive_attributes": [],
          "identity_schema_version": 0,
          "private": "eyJlMmJmYjczMC1lY2FhLTExZTYtOGY4OC0zNDM2M2JjN2M0YzAiOnsiZGVsZXRlIjoxODAwMDAwMDAwMDAsInJlYWQiOjkwMDAwMDAwMDAwMCwidXBkYXRlIjozMDAwMDAwMDAwMDB9fQ=="
        }
      ]
    },
    {
      "module": "module.vpc",
      "mode": "managed",
      "type": "aws_internet_gateway",
      "name": "this",
      "provider": "provider[\"registry.terraform.io/hashicorp/aws\"]",
      "instances": [
        {
          "schema_version": 0,
          "attributes": {
            "arn": "arn:aws:ec2:ap-south-1:413800980726:internet-gateway/igw-0c7ff9204258466c7",
            "id": "igw-0c7ff9204258466c7",
            "owner_id": "413800980726",
            "tags": {
              "Name": "osiav1-vpc-igw",
              "Owner": "Random",
              "Project": "osiav1"
            },
            "tags_all": {
              "Name": "osiav1-vpc-igw",
              "Owner": "Random",
              "Project": "osiav1"
            },
            "timeouts": null,
            "vpc_id": "vpc-024dff215f143950f"
          },
          "sensitive_attributes": [],
          "identity_schema_version": 0,
          "private": "eyJlMmJmYjczMC1lY2FhLTExZTYtOGY4OC0zNDM2M2JjN2M0YzAiOnsiY3JlYXRlIjoxMjAwMDAwMDAwMDAwLCJkZWxldGUiOjEyMDAwMDAwMDAwMDAsInVwZGF0ZSI6MTIwMDAwMDAwMDAwMH19",
          "dependencies": [
            "module.vpc.aws_vpc.this"
          ]
        }
      ]
    },
    {
      "module": "module.vpc",
      "mode": "managed",
      "type": "aws_nat_gateway",
      "name": "this",
      "provider": "provider[\"registry.terraform.io/hashicorp/aws\"]",
      "instances": [
        {
          "schema_version": 0,
          "attributes": {
            "allocation_id": "eipalloc-0794b7de313c9e589",
            "association_id": "eipassoc-008d4b0554249c363",
            "connectivity_type": "public",
            "id": "nat-0f75218dbb36ff275",
            "network_interface_id": "eni-0d4265321415e3f86",
            "private_ip": "10.0.1.177",
            "public_ip": "13.234.70.149",
            "secondary_allocation_ids": [],
            "secondary_private_ip_address_count": 0,
            "secondary_private_ip_addresses": [],
            "subnet_id": "subnet-074580b236e962ee7",
            "tags": {
              "Name": "osiav1-vpc-nat",
              "Owner": "Random",
              "Project": "osiav1"
            },
            "tags_all": {
              "Name": "osiav1-vpc-nat",
              "Owner": "Random",
              "Project": "osiav1"
            },
            "timeouts": null
          },
          "sensitive_attributes": [],
          "identity_schema_version": 0,
          "private": "eyJlMmJmYjczMC1lY2FhLTExZTYtOGY4OC0zNDM2M2JjN2M0YzAiOnsiY3JlYXRlIjo2MDAwMDAwMDAwMDAsImRlbGV0ZSI6MTgwMDAwMDAwMDAwMCwidXBkYXRlIjo2MDAwMDAwMDAwMDB9fQ==",
          "dependencies": [
            "module.vpc.aws_eip.nat",
            "module.vpc.aws_subnet.public",
            "module.vpc.aws_vpc.this"
          ]
        }
      ]
    },
    {
      "module": "module.vpc",
      "mode": "managed",
      "type": "aws_route",
      "name": "private_nat",
      "provider": "provider[\"registry.terraform.io/hashicorp/aws\"]",
      "instances": [
        {
          "schema_version": 0,
          "attributes": {
            "carrier_gateway_id": "",
            "core_network_arn": "",
            "destination_cidr_block": "0.0.0.0/0",
            "destination_ipv6_cidr_block": "",
            "destination_prefix_list_id": "",
            "egress_only_gateway_id": "",
            "gateway_id": "",
            "id": "r-rtb-026dd66cb21fc78181080289494",
            "instance_id": "",
            "instance_owner_id": "",
            "local_gateway_id": "",
            "nat_gateway_id": "nat-0f75218dbb36ff275",
            "network_interface_id": "",
            "origin": "CreateRoute",
            "route_table_id": "rtb-026dd66cb21fc7818",
            "state": "active",
            "timeouts": null,
            "transit_gateway_id": "",
            "vpc_endpoint_id": "",
            "vpc_peering_connection_id": ""
          },
          "sensitive_attributes": [],
          "identity_schema_version": 0,
          "private": "eyJlMmJmYjczMC1lY2FhLTExZTYtOGY4OC0zNDM2M2JjN2M0YzAiOnsiY3JlYXRlIjozMDAwMDAwMDAwMDAsImRlbGV0ZSI6MzAwMDAwMDAwMDAwLCJ1cGRhdGUiOjEyMDAwMDAwMDAwMH19",
          "dependencies": [
            "module.vpc.aws_eip.nat",
            "module.vpc.aws_nat_gateway.this",
            "module.vpc.aws_route_table.private",
            "module.vpc.aws_subnet.public",
            "module.vpc.aws_vpc.this"
          ]
        }
      ]
    },
    {
      "module": "module.vpc",
      "mode": "managed",
      "type": "aws_route",
      "name": "public_internet_access",
      "provider": "provider[\"registry.terraform.io/hashicorp/aws\"]",
      "instances": [
        {
          "schema_version": 0,
          "attributes": {
            "carrier_gateway_id": "",
            "core_network_arn": "",
            "destination_cidr_block": "0.0.0.0/0",
            "destination_ipv6_cidr_block": "",
            "destination_prefix_list_id": "",
            "egress_only_gateway_id": "",
            "gateway_id": "igw-0c7ff9204258466c7",
            "id": "r-rtb-0baf4c20cdf19dfc31080289494",
            "instance_id": "",
            "instance_owner_id": "",
            "local_gateway_id": "",
            "nat_gateway_id": "",
            "network_interface_id": "",
            "origin": "CreateRoute",
            "route_table_id": "rtb-0baf4c20cdf19dfc3",
            "state": "active",
            "timeouts": null,
            "transit_gateway_id": "",
            "vpc_endpoint_id": "",
            "vpc_peering_connection_id": ""
          },
          "sensitive_attributes": [],
          "identity_schema_version": 0,
          "private": "eyJlMmJmYjczMC1lY2FhLTExZTYtOGY4OC0zNDM2M2JjN2M0YzAiOnsiY3JlYXRlIjozMDAwMDAwMDAwMDAsImRlbGV0ZSI6MzAwMDAwMDAwMDAwLCJ1cGRhdGUiOjEyMDAwMDAwMDAwMH19",
          "dependencies": [
            "module.vpc.aws_internet_gateway.this",
            "module.vpc.aws_route_table.public",
            "module.vpc.aws_vpc.this"
          ]
        }
      ]
    },
    {
      "module": "module.vpc",
      "mode": "managed",
      "type": "aws_route_table",
      "name": "private",
      "provider": "provider[\"registry.terraform.io/hashicorp/aws\"]",
      "instances": [
        {
          "schema_version": 0,
          "attributes": {
            "arn": "arn:aws:ec2:ap-south-1:413800980726:route-table/rtb-026dd66cb21fc7818",
            "id": "rtb-026dd66cb21fc7818",
            "owner_id": "413800980726",
            "propagating_vgws": [],
            "route": [
              {
                "carrier_gateway_id": "",
                "cidr_block": "0.0.0.0/0",
                "core_network_arn": "",
                "destination_prefix_list_id": "",
                "egress_only_gateway_id": "",
                "gateway_id": "",
                "ipv6_cidr_block": "",
                "local_gateway_id": "",
                "nat_gateway_id": "nat-0f75218dbb36ff275",
                "network_interface_id": "",
                "transit_gateway_id": "",
                "vpc_endpoint_id": "",
                "vpc_peering_connection_id": ""
              }
            ],
            "tags": {
              "Name": "osiav1-vpc-private-rt",
              "Owner": "Random",
              "Project": "osiav1"
            },
            "tags_all": {
              "Name": "osiav1-vpc-private-rt",
              "Owner": "Random",
              "Project": "osiav1"
            },
            "timeouts": null,
            "vpc_id": "vpc-024dff215f143950f"
          },
          "sensitive_attributes": [],
          "identity_schema_version": 0,
          "private": "eyJlMmJmYjczMC1lY2FhLTExZTYtOGY4OC0zNDM2M2JjN2M0YzAiOnsiY3JlYXRlIjozMDAwMDAwMDAwMDAsImRlbGV0ZSI6MzAwMDAwMDAwMDAwLCJ1cGRhdGUiOjEyMDAwMDAwMDAwMH19",
          "dependencies": [
            "module.vpc.aws_vpc.this"
          ]
        }
      ]
    },
    {
      "module": "module.vpc",
      "mode": "managed",
      "type": "aws_route_table",
      "name": "public",
      "provider": "provider[\"registry.terraform.io/hashicorp/aws\"]",
      "instances": [
        {
          "schema_version": 0,
          "attributes": {
            "arn": "arn:aws:ec2:ap-south-1:413800980726:route-table/rtb-0baf4c20cdf19dfc3",
            "id": "rtb-0baf4c20cdf19dfc3",
            "owner_id": "413800980726",
            "propagating_vgws": [],
            "route": [
              {
                "carrier_gateway_id": "",
                "cidr_block": "0.0.0.0/0",
                "core_network_arn": "",
                "destination_prefix_list_id": "",
                "egress_only_gateway_id": "",
                "gateway_id": "igw-0c7ff9204258466c7",
                "ipv6_cidr_block": "",
                "local_gateway_id": "",
                "nat_gateway_id": "",
                "network_interface_id": "",
                "transit_gateway_id": "",
                "vpc_endpoint_id": "",
                "vpc_peering_connection_id": ""
              }
            ],
            "tags": {
              "Name": "osiav1-vpc-public-rt",
              "Owner": "Random",
              "Project": "osiav1"
            },
            "tags_all": {
              "Name": "osiav1-vpc-public-rt",
              "Owner": "Random",
              "Project": "osiav1"
            },
            "timeouts": null,
            "vpc_id": "vpc-024dff215f143950f"
          },
          "sensitive_attributes": [],
          "identity_schema_version": 0,
          "private": "eyJlMmJmYjczMC1lY2FhLTExZTYtOGY4OC0zNDM2M2JjN2M0YzAiOnsiY3JlYXRlIjozMDAwMDAwMDAwMDAsImRlbGV0ZSI6MzAwMDAwMDAwMDAwLCJ1cGRhdGUiOjEyMDAwMDAwMDAwMH19",
          "dependencies": [
            "module.vpc.aws_vpc.this"
          ]
        }
      ]
    },
    {
      "module": "module.vpc",
      "mode": "managed",
      "type": "aws_route_table_association",
      "name": "private",
      "provider": "provider[\"registry.terraform.io/hashicorp/aws\"]",
      "instances": [
        {
          "index_key": 0,
          "schema_version": 0,
          "attributes": {
            "gateway_id": "",
            "id": "rtbassoc-04bf2bf6dd34bb25b",
            "route_table_id": "rtb-026dd66cb21fc7818",
            "subnet_id": "subnet-0e4744ff622874891",
            "timeouts": null
          },
          "sensitive_attributes": [],
          "identity_schema_version": 0,
          "private": "eyJlMmJmYjczMC1lY2FhLTExZTYtOGY4OC0zNDM2M2JjN2M0YzAiOnsiY3JlYXRlIjozMDAwMDAwMDAwMDAsImRlbGV0ZSI6MzAwMDAwMDAwMDAwLCJ1cGRhdGUiOjEyMDAwMDAwMDAwMH19",
          "dependencies": [
            "module.vpc.aws_route_table.private",
            "module.vpc.aws_subnet.private",
            "module.vpc.aws_vpc.this"
          ]
        },
        {
          "index_key": 1,
          "schema_version": 0,
          "attributes": {
            "gateway_id": "",
            "id": "rtbassoc-0b74e661e982dd267",
            "route_table_id": "rtb-026dd66cb21fc7818",
            "subnet_id": "subnet-082ebc0aad24820eb",
            "timeouts": null
          },
          "sensitive_attributes": [],
          "identity_schema_version": 0,
          "private": "eyJlMmJmYjczMC1lY2FhLTExZTYtOGY4OC0zNDM2M2JjN2M0YzAiOnsiY3JlYXRlIjozMDAwMDAwMDAwMDAsImRlbGV0ZSI6MzAwMDAwMDAwMDAwLCJ1cGRhdGUiOjEyMDAwMDAwMDAwMH19",
          "dependencies": [
            "module.vpc.aws_route_table.private",
            "module.vpc.aws_subnet.private",
            "module.vpc.aws_vpc.this"
          ]
        }
      ]
    },
    {
      "module": "module.vpc",
      "mode": "managed",
      "type": "aws_route_table_association",
      "name": "public",
      "provider": "provider[\"registry.terraform.io/hashicorp/aws\"]",
      "instances": [
        {
          "index_key": 0,
          "schema_version": 0,
          "attributes": {
            "gateway_id": "",
            "id": "rtbassoc-027eea6283609ec1a",
            "route_table_id": "rtb-0baf4c20cdf19dfc3",
            "subnet_id": "subnet-074580b236e962ee7",
            "timeouts": null
          },
          "sensitive_attributes": [],
          "identity_schema_version": 0,
          "private": "eyJlMmJmYjczMC1lY2FhLTExZTYtOGY4OC0zNDM2M2JjN2M0YzAiOnsiY3JlYXRlIjozMDAwMDAwMDAwMDAsImRlbGV0ZSI6MzAwMDAwMDAwMDAwLCJ1cGRhdGUiOjEyMDAwMDAwMDAwMH19",
          "dependencies": [
            "module.vpc.aws_route_table.public",
            "module.vpc.aws_subnet.public",
            "module.vpc.aws_vpc.this"
          ]
        },
        {
          "index_key": 1,
          "schema_version": 0,
          "attributes": {
            "gateway_id": "",
            "id": "rtbassoc-0fe385c1aa7d82bf9",
            "route_table_id": "rtb-0baf4c20cdf19dfc3",
            "subnet_id": "subnet-0cffee818a335c60f",
            "timeouts": null
          },
          "sensitive_attributes": [],
          "identity_schema_version": 0,
          "private": "eyJlMmJmYjczMC1lY2FhLTExZTYtOGY4OC0zNDM2M2JjN2M0YzAiOnsiY3JlYXRlIjozMDAwMDAwMDAwMDAsImRlbGV0ZSI6MzAwMDAwMDAwMDAwLCJ1cGRhdGUiOjEyMDAwMDAwMDAwMH19",
          "dependencies": [
            "module.vpc.aws_route_table.public",
            "module.vpc.aws_subnet.public",
            "module.vpc.aws_vpc.this"
          ]
        }
      ]
    },
    {
      "module": "module.vpc",
      "mode": "managed",
      "type": "aws_subnet",
      "name": "private",
      "provider": "provider[\"registry.terraform.io/hashicorp/aws\"]",
      "instances": [
        {
          "index_key": 0,
          "schema_version": 1,
          "attributes": {
            "arn": "arn:aws:ec2:ap-south-1:413800980726:subnet/subnet-0e4744ff622874891",
            "assign_ipv6_address_on_creation": false,
            "availability_zone": "ap-south-1a",
            "availability_zone_id": "aps1-az1",
            "cidr_block": "10.0.3.0/24",
            "customer_owned_ipv4_pool": "",
            "enable_dns64": false,
            "enable_lni_at_device_index": 0,
            "enable_resource_name_dns_a_record_on_launch": false,
            "enable_resource_name_dns_aaaa_record_on_launch": false,
            "id": "subnet-0e4744ff622874891",
            "ipv6_cidr_block": "",
            "ipv6_cidr_block_association_id": "",
            "ipv6_native": false,
            "map_customer_owned_ip_on_launch": false,
            "map_public_ip_on_launch": false,
            "outpost_arn": "",
            "owner_id": "413800980726",
            "private_dns_hostname_type_on_launch": "ip-name",
            "tags": {
              "Name": "osiav1-vpc-private-1",
              "Owner": "Random",
              "Project": "osiav1",
              "Type": "private"
            },
            "tags_all": {
              "Name": "osiav1-vpc-private-1",
              "Owner": "Random",
              "Project": "osiav1",
              "Type": "private"
            },
            "timeouts": null,
            "vpc_id": "vpc-024dff215f143950f"
          },
          "sensitive_attributes": [],
          "identity_schema_version": 0,
          "private": "eyJlMmJmYjczMC1lY2FhLTExZTYtOGY4OC0zNDM2M2JjN2M0YzAiOnsiY3JlYXRlIjo2MDAwMDAwMDAwMDAsImRlbGV0ZSI6MTIwMDAwMDAwMDAwMH0sInNjaGVtYV92ZXJzaW9uIjoiMSJ9",
          "dependencies": [
            "module.vpc.aws_vpc.this"
          ]
        },
        {
          "index_key": 1,
          "schema_version": 1,
          "attributes": {
            "arn": "arn:aws:ec2:ap-south-1:413800980726:subnet/subnet-082ebc0aad24820eb",
            "assign_ipv6_address_on_creation": false,
            "availability_zone": "ap-south-1b",
            "availability_zone_id": "aps1-az3",
            "cidr_block": "10.0.4.0/24",
            "customer_owned_ipv4_pool": "",
            "enable_dns64": false,
            "enable_lni_at_device_index": 0,
            "enable_resource_name_dns_a_record_on_launch": false,
            "enable_resource_name_dns_aaaa_record_on_launch": false,
            "id": "subnet-082ebc0aad24820eb",
            "ipv6_cidr_block": "",
            "ipv6_cidr_block_association_id": "",
            "ipv6_native": false,
            "map_customer_owned_ip_on_launch": false,
            "map_public_ip_on_launch": false,
            "outpost_arn": "",
            "owner_id": "413800980726",
            "private_dns_hostname_type_on_launch": "ip-name",
            "tags": {
              "Name": "osiav1-vpc-private-2",
              "Owner": "Random",
              "Project": "osiav1",
              "Type": "private"
            },
            "tags_all": {
              "Name": "osiav1-vpc-private-2",
              "Owner": "Random",
              "Project": "osiav1",
              "Type": "private"
            },
            "timeouts": null,
            "vpc_id": "vpc-024dff215f143950f"
          },
          "sensitive_attributes": [],
          "identity_schema_version": 0,
          "private": "eyJlMmJmYjczMC1lY2FhLTExZTYtOGY4OC0zNDM2M2JjN2M0YzAiOnsiY3JlYXRlIjo2MDAwMDAwMDAwMDAsImRlbGV0ZSI6MTIwMDAwMDAwMDAwMH0sInNjaGVtYV92ZXJzaW9uIjoiMSJ9",
          "dependencies": [
            "module.vpc.aws_vpc.this"
          ]
        }
      ]
    },
    {
      "module": "module.vpc",
      "mode": "managed",
      "type": "aws_subnet",
      "name": "public",
      "provider": "provider[\"registry.terraform.io/hashicorp/aws\"]",
      "instances": [
        {
          "index_key": 0,
          "schema_version": 1,
          "attributes": {
            "arn": "arn:aws:ec2:ap-south-1:413800980726:subnet/subnet-074580b236e962ee7",
            "assign_ipv6_address_on_creation": false,
            "availability_zone": "ap-south-1a",
            "availability_zone_id": "aps1-az1",
            "cidr_block": "10.0.1.0/24",
            "customer_owned_ipv4_pool": "",
            "enable_dns64": false,
            "enable_lni_at_device_index": 0,
            "enable_resource_name_dns_a_record_on_launch": false,
            "enable_resource_name_dns_aaaa_record_on_launch": false,
            "id": "subnet-074580b236e962ee7",
            "ipv6_cidr_block": "",
            "ipv6_cidr_block_association_id": "",
            "ipv6_native": false,
            "map_customer_owned_ip_on_launch": false,
            "map_public_ip_on_launch": true,
            "outpost_arn": "",
            "owner_id": "413800980726",
            "private_dns_hostname_type_on_launch": "ip-name",
            "tags": {
              "Name": "osiav1-vpc-public-1",
              "Owner": "Random",
              "Project": "osiav1",
              "Type": "public"
            },
            "tags_all": {
              "Name": "osiav1-vpc-public-1",
              "Owner": "Random",
              "Project": "osiav1",
              "Type": "public"
            },
            "timeouts": null,
            "vpc_id": "vpc-024dff215f143950f"
          },
          "sensitive_attributes": [],
          "identity_schema_version": 0,
          "private": "eyJlMmJmYjczMC1lY2FhLTExZTYtOGY4OC0zNDM2M2JjN2M0YzAiOnsiY3JlYXRlIjo2MDAwMDAwMDAwMDAsImRlbGV0ZSI6MTIwMDAwMDAwMDAwMH0sInNjaGVtYV92ZXJzaW9uIjoiMSJ9",
          "dependencies": [
            "module.vpc.aws_vpc.this"
          ]
        },
        {
          "index_key": 1,
          "schema_version": 1,
          "attributes": {
            "arn": "arn:aws:ec2:ap-south-1:413800980726:subnet/subnet-0cffee818a335c60f",
            "assign_ipv6_address_on_creation": false,
            "availability_zone": "ap-south-1b",
            "availability_zone_id": "aps1-az3",
            "cidr_block": "10.0.2.0/24",
            "customer_owned_ipv4_pool": "",
            "enable_dns64": false,
            "enable_lni_at_device_index": 0,
            "enable_resource_name_dns_a_record_on_launch": false,
            "enable_resource_name_dns_aaaa_record_on_launch": false,
            "id": "subnet-0cffee818a335c60f",
            "ipv6_cidr_block": "",
            "ipv6_cidr_block_association_id": "",
            "ipv6_native": false,
            "map_customer_owned_ip_on_launch": false,
            "map_public_ip_on_launch": true,
            "outpost_arn": "",
            "owner_id": "413800980726",
            "private_dns_hostname_type_on_launch": "ip-name",
            "tags": {
              "Name": "osiav1-vpc-public-2",
              "Owner": "Random",
              "Project": "osiav1",
              "Type": "public"
            },
            "tags_all": {
              "Name": "osiav1-vpc-public-2",
              "Owner": "Random",
              "Project": "osiav1",
              "Type": "public"
            },
            "timeouts": null,
            "vpc_id": "vpc-024dff215f143950f"
          },
          "sensitive_attributes": [],
          "identity_schema_version": 0,
          "private": "eyJlMmJmYjczMC1lY2FhLTExZTYtOGY4OC0zNDM2M2JjN2M0YzAiOnsiY3JlYXRlIjo2MDAwMDAwMDAwMDAsImRlbGV0ZSI6MTIwMDAwMDAwMDAwMH0sInNjaGVtYV92ZXJzaW9uIjoiMSJ9",
          "dependencies": [
            "module.vpc.aws_vpc.this"
          ]
        }
      ]
    },
    {
      "module": "module.vpc",
      "mode": "managed",
      "type": "aws_vpc",
      "name": "this",
      "provider": "provider[\"registry.terraform.io/hashicorp/aws\"]",
      "instances": [
        {
          "schema_version": 1,
          "attributes": {
            "arn": "arn:aws:ec2:ap-south-1:413800980726:vpc/vpc-024dff215f143950f",
            "assign_generated_ipv6_cidr_block": false,
            "cidr_block": "10.0.0.0/16",
            "default_network_acl_id": "acl-0c43ca911ec91bbdf",
            "default_route_table_id": "rtb-0a1fc61307b1dfce7",
            "default_security_group_id": "sg-0f84428aba0cc587b",
            "dhcp_options_id": "dopt-093e95742d9e766e6",
            "enable_dns_hostnames": true,
            "enable_dns_support": true,
            "enable_network_address_usage_metrics": false,
            "id": "vpc-024dff215f143950f",
            "instance_tenancy": "default",
            "ipv4_ipam_pool_id": null,
            "ipv4_netmask_length": null,
            "ipv6_association_id": "",
            "ipv6_cidr_block": "",
            "ipv6_cidr_block_network_border_group": "",
            "ipv6_ipam_pool_id": "",
            "ipv6_netmask_length": 0,
            "main_route_table_id": "rtb-0a1fc61307b1dfce7",
            "owner_id": "413800980726",
            "tags": {
              "Name": "osiav1-vpc",
              "Owner": "Random",
              "Project": "osiav1"
            },
            "tags_all": {
              "Name": "osiav1-vpc",
              "Owner": "Random",
              "Project": "osiav1"
            }
          },
          "sensitive_attributes": [],
          "identity_schema_version": 0,
          "private": "eyJzY2hlbWFfdmVyc2lvbiI6IjEifQ=="
        }
      ]
    }
  ],
  "check_results": null
}
